
Microsoft Visual Studio Solution File, Format Version 12.00
# Visual Studio 14
VisualStudioVersion = 14.0.24720.0
MinimumVisualStudioVersion = 10.0.40219.1
Project("{2150E333-8FDC-42A3-9474-1A3956D46DE8}") = "Service", "Service", "{496D2D18-34C4-4621-AECC-5FE6AE212DC6}"
EndProject
Project("{2150E333-8FDC-42A3-9474-1A3956D46DE8}") = "Client", "Client", "{2CC69505-5683-44EA-8650-64046D2A967E}"
EndProject
Project("{FAE04EC0-301F-11D3-BF4B-00C04F79EFBC}") = "WcfService", "WcfService\WcfService.csproj", "{A2AEDC7E-F633-401F-ADCE-0E70A02F57A7}"
EndProject
Project("{FAE04EC0-301F-11D3-BF4B-00C04F79EFBC}") = "WpfClient", "WpfClient\WpfClient.csproj", "{D79B4940-D9EB-49D9-A73C-965DA89CD97D}"
EndProject
Project("{FAE04EC0-301F-11D3-BF4B-00C04F79EFBC}") = "UnitTestProject", "UnitTestProject\UnitTestProject.csproj", "{0F29A23E-375E-44CC-9D5E-1918974DB915}"
EndProject
Project("{FAE04EC0-301F-11D3-BF4B-00C04F79EFBC}") = "DataAccessLibrary", "DataAccessLibrary\DataAccessLibrary.csproj", "{B395AE7E-61B9-407E-9F09-224723D35E1D}"
EndProject
Project("{2150E333-8FDC-42A3-9474-1A3956D46DE8}") = "Test", "Test", "{E5148DB6-B8BA-48C4-8DF0-B895997BB335}"
EndProject
Project("{FAE04EC0-301F-11D3-BF4B-00C04F79EFBC}") = "TempTest", "TempTest\TempTest.csproj", "{66DB84C2-D72A-4F24-B8A6-5BB25DF58F63}"
EndProject
Global
	GlobalSection(SolutionConfigurationPlatforms) = preSolution
		Debug|Any CPU = Debug|Any CPU
		Release|Any CPU = Release|Any CPU
	EndGlobalSection
	GlobalSection(ProjectConfigurationPlatforms) = postSolution
		{A2AEDC7E-F633-401F-ADCE-0E70A02F57A7}.Debug|Any CPU.ActiveCfg = Debug|Any CPU
		{A2AEDC7E-F633-401F-ADCE-0E70A02F57A7}.Debug|Any CPU.Build.0 = Debug|Any CPU
		{A2AEDC7E-F633-401F-ADCE-0E70A02F57A7}.Release|Any CPU.ActiveCfg = Release|Any CPU
		{A2AEDC7E-F633-401F-ADCE-0E70A02F57A7}.Release|Any CPU.Build.0 = Release|Any CPU
		{D79B4940-D9EB-49D9-A73C-965DA89CD97D}.Debug|Any CPU.ActiveCfg = Debug|Any CPU
		{D79B4940-D9EB-49D9-A73C-965DA89CD97D}.Debug|Any CPU.Build.0 = Debug|Any CPU
		{D79B4940-D9EB-49D9-A73C-965DA89CD97D}.Release|Any CPU.ActiveCfg = Release|Any CPU
		{D79B4940-D9EB-49D9-A73C-965DA89CD97D}.Release|Any CPU.Build.0 = Release|Any CPU
		{0F29A23E-375E-44CC-9D5E-1918974DB915}.Debug|Any CPU.ActiveCfg = Debug|Any CPU
		{0F29A23E-375E-44CC-9D5E-1918974DB915}.Debug|Any CPU.Build.0 = Debug|Any CPU
		{0F29A23E-375E-44CC-9D5E-1918974DB915}.Release|Any CPU.ActiveCfg = Release|Any CPU
		{0F29A23E-375E-44CC-9D5E-1918974DB915}.Release|Any CPU.Build.0 = Release|Any CPU
		{B395AE7E-61B9-407E-9F09-224723D35E1D}.Debug|Any CPU.ActiveCfg = Debug|Any CPU
		{B395AE7E-61B9-407E-9F09-224723D35E1D}.Debug|Any CPU.Build.0 = Debug|Any CPU
		{B395AE7E-61B9-407E-9F09-224723D35E1D}.Release|Any CPU.ActiveCfg = Release|Any CPU
		{B395AE7E-61B9-407E-9F09-224723D35E1D}.Release|Any CPU.Build.0 = Release|Any CPU
		{66DB84C2-D72A-4F24-B8A6-5BB25DF58F63}.Debug|Any CPU.ActiveCfg = Debug|Any CPU
		{66DB84C2-D72A-4F24-B8A6-5BB25DF58F63}.Debug|Any CPU.Build.0 = Debug|Any CPU
		{66DB84C2-D72A-4F24-B8A6-5BB25DF58F63}.Release|Any CPU.ActiveCfg = Release|Any CPU
		{66DB84C2-D72A-4F24-B8A6-5BB25DF58F63}.Release|Any CPU.Build.0 = Release|Any CPU
	EndGlobalSection
	GlobalSection(SolutionProperties) = preSolution
		HideSolutionNode = FALSE
	EndGlobalSection
	GlobalSection(NestedProjects) = preSolution
		{A2AEDC7E-F633-401F-ADCE-0E70A02F57A7} = {496D2D18-34C4-4621-AECC-5FE6AE212DC6}
		{D79B4940-D9EB-49D9-A73C-965DA89CD97D} = {2CC69505-5683-44EA-8650-64046D2A967E}
		{0F29A23E-375E-44CC-9D5E-1918974DB915} = {E5148DB6-B8BA-48C4-8DF0-B895997BB335}
		{B395AE7E-61B9-407E-9F09-224723D35E1D} = {496D2D18-34C4-4621-AECC-5FE6AE212DC6}
		{66DB84C2-D72A-4F24-B8A6-5BB25DF58F63} = {E5148DB6-B8BA-48C4-8DF0-B895997BB335}
	EndGlobalSection
EndGlobal
