
Microsoft Visual Studio Solution File, Format Version 12.00
# Visual Studio Version 16
VisualStudioVersion = 16.0.29806.167
MinimumVisualStudioVersion = 10.0.40219.1
Project("{2150E333-8FDC-42A3-9474-1A3956D46DE8}") = "PMS", "PMS", "{496D2D18-34C4-4621-AECC-5FE6AE212DC6}"
	ProjectSection(SolutionItems) = preProject
		DevelopNote.txt = DevelopNote.txt
	EndProjectSection
EndProject
Project("{FAE04EC0-301F-11D3-BF4B-00C04F79EFBC}") = "PMSLargeScreen", "PMSLargeScreen\PMSLargeScreen.csproj", "{FDE2BDA6-E7B8-4EFD-8B64-57787F9F9524}"
	ProjectSection(ProjectDependencies) = postProject
		{6AF8CE5C-F3E4-4652-A9A7-4DF9EAC6A061} = {6AF8CE5C-F3E4-4652-A9A7-4DF9EAC6A061}
	EndProjectSection
EndProject
Project("{2150E333-8FDC-42A3-9474-1A3956D46DE8}") = "Client", "Client", "{52C2CA17-5CF8-4DF1-AEA4-66EC7363105D}"
EndProject
Project("{2150E333-8FDC-42A3-9474-1A3956D46DE8}") = "Service", "Service", "{C8DC6BDF-3CA5-41CA-AFE8-99217BCADE39}"
EndProject
Project("{FAE04EC0-301F-11D3-BF4B-00C04F79EFBC}") = "PMSWCFService", "PMSWCFService\PMSWCFService.csproj", "{6AF8CE5C-F3E4-4652-A9A7-4DF9EAC6A061}"
EndProject
Project("{FAE04EC0-301F-11D3-BF4B-00C04F79EFBC}") = "PMSClient", "PMSClient\PMSClient.csproj", "{4C091E29-8472-49D5-BD5E-87858F6198A1}"
	ProjectSection(ProjectDependencies) = postProject
		{6AF8CE5C-F3E4-4652-A9A7-4DF9EAC6A061} = {6AF8CE5C-F3E4-4652-A9A7-4DF9EAC6A061}
	EndProjectSection
EndProject
Project("{FAE04EC0-301F-11D3-BF4B-00C04F79EFBC}") = "WTF", "AuthorizationChecker\WTF.csproj", "{CB6AB81C-1226-468A-9F10-58F7F9637CFD}"
EndProject
Project("{FAE04EC0-301F-11D3-BF4B-00C04F79EFBC}") = "PMSWpfControls", "WpfControls\PMSWpfControls.csproj", "{B34D1E0A-02B9-4512-A07F-0603AD29AD3A}"
EndProject
Project("{FAE04EC0-301F-11D3-BF4B-00C04F79EFBC}") = "PMSLargeScreenBonding", "PMSLargeScreenBonding\PMSLargeScreenBonding.csproj", "{6433D8C6-C536-4E03-BE9E-6AFDA0DE0801}"
EndProject
Project("{FAE04EC0-301F-11D3-BF4B-00C04F79EFBC}") = "PMSClientCastDivision", "PMSClientCastDivision\PMSClientCastDivision.csproj", "{F2603AAA-AD4B-4059-8371-8FA77A8BE15E}"
EndProject
Project("{FAE04EC0-301F-11D3-BF4B-00C04F79EFBC}") = "DataInput", "DataInput\DataInput.csproj", "{6A26C5C0-744C-4EF6-93CA-5545B5AED6F7}"
	ProjectSection(ProjectDependencies) = postProject
		{6AF8CE5C-F3E4-4652-A9A7-4DF9EAC6A061} = {6AF8CE5C-F3E4-4652-A9A7-4DF9EAC6A061}
	EndProjectSection
EndProject
Project("{2150E333-8FDC-42A3-9474-1A3956D46DE8}") = "Others", "Others", "{A7060DB8-9A8C-42EB-B038-FC264044B029}"
EndProject
Project("{FAE04EC0-301F-11D3-BF4B-00C04F79EFBC}") = "DataOutputTempProgram", "DataOutputTempProgram\DataOutputTempProgram.csproj", "{5FAEDA89-182F-46C3-B630-5AF4BC012D5A}"
EndProject
Project("{FAE04EC0-301F-11D3-BF4B-00C04F79EFBC}") = "PMSWeb", "PMSWeb\PMSWeb.csproj", "{88067C02-4DAE-4AD9-B77C-FE90ED94AC9E}"
EndProject
Project("{FAE04EC0-301F-11D3-BF4B-00C04F79EFBC}") = "PMSLargeScreenFixed", "PMSLargeScreenFixed\PMSLargeScreenFixed.csproj", "{AB5C58C2-F791-473A-B37A-23441BF7ADC7}"
EndProject
Project("{FAE04EC0-301F-11D3-BF4B-00C04F79EFBC}") = "PMSLargeScreenMill", "PMSLargeScreenMilling\PMSLargeScreenMill.csproj", "{3468E040-B7B0-4064-9B5D-3A849FFE936B}"
EndProject
Project("{FAE04EC0-301F-11D3-BF4B-00C04F79EFBC}") = "PMSDAL", "PMSDAL\PMSDAL.csproj", "{F75A9C93-ED94-4C69-82E4-BC069F4E9FEF}"
EndProject
Project("{FAE04EC0-301F-11D3-BF4B-00C04F79EFBC}") = "PMSCommon", "PMSCommon\PMSCommon.csproj", "{0BB4A729-AC1E-4973-A915-F857FD75740D}"
EndProject
Project("{FAE04EC0-301F-11D3-BF4B-00C04F79EFBC}") = "TargetCutterSimulator", "TargetCutterSimulator\TargetCutterSimulator.csproj", "{32A0B9C1-7441-4EBE-A1BF-21854BD2A57A}"
EndProject
Project("{FAE04EC0-301F-11D3-BF4B-00C04F79EFBC}") = "IntermolecularLotParser", "IntermolecularLotParser\IntermolecularLotParser.csproj", "{401669B1-AF52-4056-89D1-FD5D6DE059AD}"
EndProject
Project("{FAE04EC0-301F-11D3-BF4B-00C04F79EFBC}") = "PMSOrderEmailHelper", "PMSOrderEmailHelper\PMSOrderEmailHelper.csproj", "{A6A21A6D-4FC7-42AF-B739-31516ED91D97}"
EndProject
Project("{FAE04EC0-301F-11D3-BF4B-00C04F79EFBC}") = "Drawing", "Drawing\Drawing.csproj", "{5D197742-D150-440E-9D79-800242482DF5}"
EndProject
Project("{FAE04EC0-301F-11D3-BF4B-00C04F79EFBC}") = "PMSLargeScreenFill", "PMSLargeScreenFilling\PMSLargeScreenFill.csproj", "{C96A16D0-DF1A-49FC-98ED-4E2F06351460}"
EndProject
Project("{FAE04EC0-301F-11D3-BF4B-00C04F79EFBC}") = "PMSXMLCreator", "PMSXMLCreator\PMSXMLCreator.csproj", "{355D26F2-3D09-4C22-A80C-F786E3616AA6}"
EndProject
Project("{FAE04EC0-301F-11D3-BF4B-00C04F79EFBC}") = "PMSTest", "ConsoleTest\PMSTest.csproj", "{594E41B2-898D-4007-AE00-771AE12D534B}"
EndProject
Project("{FAE04EC0-301F-11D3-BF4B-00C04F79EFBC}") = "PMSLargeScreenMachine", "PMSLargeScreenMachine\PMSLargeScreenMachine.csproj", "{088FDFC2-9408-4438-A657-3E3F45CBB89D}"
EndProject
Project("{FAE04EC0-301F-11D3-BF4B-00C04F79EFBC}") = "GalleryOfCScanImage", "GalleryOfCScanImage\GalleryOfCScanImage.csproj", "{E12E6288-DC07-4E33-AA65-C28C96C9569D}"
EndProject
Project("{FAE04EC0-301F-11D3-BF4B-00C04F79EFBC}") = "CommonHelper", "CommonHelper\CommonHelper.csproj", "{53952CC1-3E2E-4E39-8B20-6621502DBD45}"
EndProject
Project("{2150E333-8FDC-42A3-9474-1A3956D46DE8}") = "Tool", "Tool", "{E3A21C2A-8F9C-452A-BF3F-64B662FB5879}"
EndProject
Project("{FAE04EC0-301F-11D3-BF4B-00C04F79EFBC}") = "CScanImageFinder", "CScanImageFinder\CScanImageFinder.csproj", "{E053F613-5D49-4B84-B70F-DDA2000A0177}"
EndProject
Project("{FAE04EC0-301F-11D3-BF4B-00C04F79EFBC}") = "ProductIDLocator", "ProductIDLocator\ProductIDLocator.csproj", "{FC2567F9-9DD2-4039-A338-23F4B6E672DD}"
EndProject
Project("{FAE04EC0-301F-11D3-BF4B-00C04F79EFBC}") = "PMSLargeScreenDelivery", "PMSLargeScreenDelivery\PMSLargeScreenDelivery.csproj", "{4648DEA3-410A-4B55-9438-098CD127ADBB}"
EndProject
Project("{FAE04EC0-301F-11D3-BF4B-00C04F79EFBC}") = "CSCANCalcualtor", "CSCANCalcualtor\CSCANCalcualtor.csproj", "{EAF0A8C3-F76C-4D48-8971-05D018497C2C}"
EndProject
Project("{FAE04EC0-301F-11D3-BF4B-00C04F79EFBC}") = "BackingPlateLotManager", "BackingPlateLotManager\BackingPlateLotManager.csproj", "{708CF39D-CBAF-4B8B-9FED-F5B38CA32E80}"
EndProject
Project("{FAE04EC0-301F-11D3-BF4B-00C04F79EFBC}") = "PMSLib", "PMSLib\PMSLib.csproj", "{E8210E14-1865-44EF-AD26-6E81C3E10F39}"
EndProject
Project("{FAE04EC0-301F-11D3-BF4B-00C04F79EFBC}") = "PMSEOrder", "PMSEOrder\PMSEOrder.csproj", "{FA298D57-C01A-4F64-AD94-957D2EB30C1E}"
EndProject
Project("{FAE04EC0-301F-11D3-BF4B-00C04F79EFBC}") = "PMSShared", "PMSShared\PMSShared.csproj", "{E57EC37B-2E94-48CC-BC93-B0C1123B4510}"
EndProject
Project("{FAE04EC0-301F-11D3-BF4B-00C04F79EFBC}") = "PMSShipment", "PMSShipment\PMSShipment.csproj", "{99A86679-384F-4C59-8B87-87DBB8A96DE7}"
EndProject
Global
	GlobalSection(SolutionConfigurationPlatforms) = preSolution
		Debug|Any CPU = Debug|Any CPU
		Debug|ARM = Debug|ARM
		Debug|x64 = Debug|x64
		Debug|x86 = Debug|x86
		Release|Any CPU = Release|Any CPU
		Release|ARM = Release|ARM
		Release|x64 = Release|x64
		Release|x86 = Release|x86
	EndGlobalSection
	GlobalSection(ProjectConfigurationPlatforms) = postSolution
		{FDE2BDA6-E7B8-4EFD-8B64-57787F9F9524}.Debug|Any CPU.ActiveCfg = Debug|Any CPU
		{FDE2BDA6-E7B8-4EFD-8B64-57787F9F9524}.Debug|Any CPU.Build.0 = Debug|Any CPU
		{FDE2BDA6-E7B8-4EFD-8B64-57787F9F9524}.Debug|ARM.ActiveCfg = Debug|Any CPU
		{FDE2BDA6-E7B8-4EFD-8B64-57787F9F9524}.Debug|ARM.Build.0 = Debug|Any CPU
		{FDE2BDA6-E7B8-4EFD-8B64-57787F9F9524}.Debug|x64.ActiveCfg = Debug|Any CPU
		{FDE2BDA6-E7B8-4EFD-8B64-57787F9F9524}.Debug|x64.Build.0 = Debug|Any CPU
		{FDE2BDA6-E7B8-4EFD-8B64-57787F9F9524}.Debug|x86.ActiveCfg = Debug|Any CPU
		{FDE2BDA6-E7B8-4EFD-8B64-57787F9F9524}.Debug|x86.Build.0 = Debug|Any CPU
		{FDE2BDA6-E7B8-4EFD-8B64-57787F9F9524}.Release|Any CPU.ActiveCfg = Release|Any CPU
		{FDE2BDA6-E7B8-4EFD-8B64-57787F9F9524}.Release|Any CPU.Build.0 = Release|Any CPU
		{FDE2BDA6-E7B8-4EFD-8B64-57787F9F9524}.Release|ARM.ActiveCfg = Release|Any CPU
		{FDE2BDA6-E7B8-4EFD-8B64-57787F9F9524}.Release|ARM.Build.0 = Release|Any CPU
		{FDE2BDA6-E7B8-4EFD-8B64-57787F9F9524}.Release|x64.ActiveCfg = Release|Any CPU
		{FDE2BDA6-E7B8-4EFD-8B64-57787F9F9524}.Release|x64.Build.0 = Release|Any CPU
		{FDE2BDA6-E7B8-4EFD-8B64-57787F9F9524}.Release|x86.ActiveCfg = Release|Any CPU
		{FDE2BDA6-E7B8-4EFD-8B64-57787F9F9524}.Release|x86.Build.0 = Release|Any CPU
		{6AF8CE5C-F3E4-4652-A9A7-4DF9EAC6A061}.Debug|Any CPU.ActiveCfg = Debug|Any CPU
		{6AF8CE5C-F3E4-4652-A9A7-4DF9EAC6A061}.Debug|Any CPU.Build.0 = Debug|Any CPU
		{6AF8CE5C-F3E4-4652-A9A7-4DF9EAC6A061}.Debug|ARM.ActiveCfg = Debug|Any CPU
		{6AF8CE5C-F3E4-4652-A9A7-4DF9EAC6A061}.Debug|ARM.Build.0 = Debug|Any CPU
		{6AF8CE5C-F3E4-4652-A9A7-4DF9EAC6A061}.Debug|x64.ActiveCfg = Debug|Any CPU
		{6AF8CE5C-F3E4-4652-A9A7-4DF9EAC6A061}.Debug|x64.Build.0 = Debug|Any CPU
		{6AF8CE5C-F3E4-4652-A9A7-4DF9EAC6A061}.Debug|x86.ActiveCfg = Debug|Any CPU
		{6AF8CE5C-F3E4-4652-A9A7-4DF9EAC6A061}.Debug|x86.Build.0 = Debug|Any CPU
		{6AF8CE5C-F3E4-4652-A9A7-4DF9EAC6A061}.Release|Any CPU.ActiveCfg = Release|Any CPU
		{6AF8CE5C-F3E4-4652-A9A7-4DF9EAC6A061}.Release|Any CPU.Build.0 = Release|Any CPU
		{6AF8CE5C-F3E4-4652-A9A7-4DF9EAC6A061}.Release|ARM.ActiveCfg = Release|Any CPU
		{6AF8CE5C-F3E4-4652-A9A7-4DF9EAC6A061}.Release|ARM.Build.0 = Release|Any CPU
		{6AF8CE5C-F3E4-4652-A9A7-4DF9EAC6A061}.Release|x64.ActiveCfg = Release|Any CPU
		{6AF8CE5C-F3E4-4652-A9A7-4DF9EAC6A061}.Release|x64.Build.0 = Release|Any CPU
		{6AF8CE5C-F3E4-4652-A9A7-4DF9EAC6A061}.Release|x86.ActiveCfg = Release|Any CPU
		{6AF8CE5C-F3E4-4652-A9A7-4DF9EAC6A061}.Release|x86.Build.0 = Release|Any CPU
		{4C091E29-8472-49D5-BD5E-87858F6198A1}.Debug|Any CPU.ActiveCfg = Debug|Any CPU
		{4C091E29-8472-49D5-BD5E-87858F6198A1}.Debug|Any CPU.Build.0 = Debug|Any CPU
		{4C091E29-8472-49D5-BD5E-87858F6198A1}.Debug|ARM.ActiveCfg = Debug|Any CPU
		{4C091E29-8472-49D5-BD5E-87858F6198A1}.Debug|ARM.Build.0 = Debug|Any CPU
		{4C091E29-8472-49D5-BD5E-87858F6198A1}.Debug|x64.ActiveCfg = Debug|Any CPU
		{4C091E29-8472-49D5-BD5E-87858F6198A1}.Debug|x64.Build.0 = Debug|Any CPU
		{4C091E29-8472-49D5-BD5E-87858F6198A1}.Debug|x86.ActiveCfg = Debug|Any CPU
		{4C091E29-8472-49D5-BD5E-87858F6198A1}.Debug|x86.Build.0 = Debug|Any CPU
		{4C091E29-8472-49D5-BD5E-87858F6198A1}.Release|Any CPU.ActiveCfg = Release|Any CPU
		{4C091E29-8472-49D5-BD5E-87858F6198A1}.Release|Any CPU.Build.0 = Release|Any CPU
		{4C091E29-8472-49D5-BD5E-87858F6198A1}.Release|ARM.ActiveCfg = Release|Any CPU
		{4C091E29-8472-49D5-BD5E-87858F6198A1}.Release|ARM.Build.0 = Release|Any CPU
		{4C091E29-8472-49D5-BD5E-87858F6198A1}.Release|x64.ActiveCfg = Release|Any CPU
		{4C091E29-8472-49D5-BD5E-87858F6198A1}.Release|x64.Build.0 = Release|Any CPU
		{4C091E29-8472-49D5-BD5E-87858F6198A1}.Release|x86.ActiveCfg = Release|Any CPU
		{4C091E29-8472-49D5-BD5E-87858F6198A1}.Release|x86.Build.0 = Release|Any CPU
		{CB6AB81C-1226-468A-9F10-58F7F9637CFD}.Debug|Any CPU.ActiveCfg = Debug|Any CPU
		{CB6AB81C-1226-468A-9F10-58F7F9637CFD}.Debug|Any CPU.Build.0 = Debug|Any CPU
		{CB6AB81C-1226-468A-9F10-58F7F9637CFD}.Debug|ARM.ActiveCfg = Debug|Any CPU
		{CB6AB81C-1226-468A-9F10-58F7F9637CFD}.Debug|ARM.Build.0 = Debug|Any CPU
		{CB6AB81C-1226-468A-9F10-58F7F9637CFD}.Debug|x64.ActiveCfg = Debug|Any CPU
		{CB6AB81C-1226-468A-9F10-58F7F9637CFD}.Debug|x64.Build.0 = Debug|Any CPU
		{CB6AB81C-1226-468A-9F10-58F7F9637CFD}.Debug|x86.ActiveCfg = Debug|Any CPU
		{CB6AB81C-1226-468A-9F10-58F7F9637CFD}.Debug|x86.Build.0 = Debug|Any CPU
		{CB6AB81C-1226-468A-9F10-58F7F9637CFD}.Release|Any CPU.ActiveCfg = Release|Any CPU
		{CB6AB81C-1226-468A-9F10-58F7F9637CFD}.Release|Any CPU.Build.0 = Release|Any CPU
		{CB6AB81C-1226-468A-9F10-58F7F9637CFD}.Release|ARM.ActiveCfg = Release|Any CPU
		{CB6AB81C-1226-468A-9F10-58F7F9637CFD}.Release|ARM.Build.0 = Release|Any CPU
		{CB6AB81C-1226-468A-9F10-58F7F9637CFD}.Release|x64.ActiveCfg = Release|Any CPU
		{CB6AB81C-1226-468A-9F10-58F7F9637CFD}.Release|x64.Build.0 = Release|Any CPU
		{CB6AB81C-1226-468A-9F10-58F7F9637CFD}.Release|x86.ActiveCfg = Release|Any CPU
		{CB6AB81C-1226-468A-9F10-58F7F9637CFD}.Release|x86.Build.0 = Release|Any CPU
		{B34D1E0A-02B9-4512-A07F-0603AD29AD3A}.Debug|Any CPU.ActiveCfg = Debug|Any CPU
		{B34D1E0A-02B9-4512-A07F-0603AD29AD3A}.Debug|Any CPU.Build.0 = Debug|Any CPU
		{B34D1E0A-02B9-4512-A07F-0603AD29AD3A}.Debug|ARM.ActiveCfg = Debug|Any CPU
		{B34D1E0A-02B9-4512-A07F-0603AD29AD3A}.Debug|ARM.Build.0 = Debug|Any CPU
		{B34D1E0A-02B9-4512-A07F-0603AD29AD3A}.Debug|x64.ActiveCfg = Debug|Any CPU
		{B34D1E0A-02B9-4512-A07F-0603AD29AD3A}.Debug|x64.Build.0 = Debug|Any CPU
		{B34D1E0A-02B9-4512-A07F-0603AD29AD3A}.Debug|x86.ActiveCfg = Debug|Any CPU
		{B34D1E0A-02B9-4512-A07F-0603AD29AD3A}.Debug|x86.Build.0 = Debug|Any CPU
		{B34D1E0A-02B9-4512-A07F-0603AD29AD3A}.Release|Any CPU.ActiveCfg = Release|Any CPU
		{B34D1E0A-02B9-4512-A07F-0603AD29AD3A}.Release|Any CPU.Build.0 = Release|Any CPU
		{B34D1E0A-02B9-4512-A07F-0603AD29AD3A}.Release|ARM.ActiveCfg = Release|Any CPU
		{B34D1E0A-02B9-4512-A07F-0603AD29AD3A}.Release|ARM.Build.0 = Release|Any CPU
		{B34D1E0A-02B9-4512-A07F-0603AD29AD3A}.Release|x64.ActiveCfg = Release|Any CPU
		{B34D1E0A-02B9-4512-A07F-0603AD29AD3A}.Release|x64.Build.0 = Release|Any CPU
		{B34D1E0A-02B9-4512-A07F-0603AD29AD3A}.Release|x86.ActiveCfg = Release|Any CPU
		{B34D1E0A-02B9-4512-A07F-0603AD29AD3A}.Release|x86.Build.0 = Release|Any CPU
		{6433D8C6-C536-4E03-BE9E-6AFDA0DE0801}.Debug|Any CPU.ActiveCfg = Debug|Any CPU
		{6433D8C6-C536-4E03-BE9E-6AFDA0DE0801}.Debug|Any CPU.Build.0 = Debug|Any CPU
		{6433D8C6-C536-4E03-BE9E-6AFDA0DE0801}.Debug|ARM.ActiveCfg = Debug|Any CPU
		{6433D8C6-C536-4E03-BE9E-6AFDA0DE0801}.Debug|ARM.Build.0 = Debug|Any CPU
		{6433D8C6-C536-4E03-BE9E-6AFDA0DE0801}.Debug|x64.ActiveCfg = Debug|Any CPU
		{6433D8C6-C536-4E03-BE9E-6AFDA0DE0801}.Debug|x64.Build.0 = Debug|Any CPU
		{6433D8C6-C536-4E03-BE9E-6AFDA0DE0801}.Debug|x86.ActiveCfg = Debug|Any CPU
		{6433D8C6-C536-4E03-BE9E-6AFDA0DE0801}.Debug|x86.Build.0 = Debug|Any CPU
		{6433D8C6-C536-4E03-BE9E-6AFDA0DE0801}.Release|Any CPU.ActiveCfg = Release|Any CPU
		{6433D8C6-C536-4E03-BE9E-6AFDA0DE0801}.Release|Any CPU.Build.0 = Release|Any CPU
		{6433D8C6-C536-4E03-BE9E-6AFDA0DE0801}.Release|ARM.ActiveCfg = Release|Any CPU
		{6433D8C6-C536-4E03-BE9E-6AFDA0DE0801}.Release|ARM.Build.0 = Release|Any CPU
		{6433D8C6-C536-4E03-BE9E-6AFDA0DE0801}.Release|x64.ActiveCfg = Release|Any CPU
		{6433D8C6-C536-4E03-BE9E-6AFDA0DE0801}.Release|x64.Build.0 = Release|Any CPU
		{6433D8C6-C536-4E03-BE9E-6AFDA0DE0801}.Release|x86.ActiveCfg = Release|Any CPU
		{6433D8C6-C536-4E03-BE9E-6AFDA0DE0801}.Release|x86.Build.0 = Release|Any CPU
		{F2603AAA-AD4B-4059-8371-8FA77A8BE15E}.Debug|Any CPU.ActiveCfg = Debug|Any CPU
		{F2603AAA-AD4B-4059-8371-8FA77A8BE15E}.Debug|Any CPU.Build.0 = Debug|Any CPU
		{F2603AAA-AD4B-4059-8371-8FA77A8BE15E}.Debug|ARM.ActiveCfg = Debug|Any CPU
		{F2603AAA-AD4B-4059-8371-8FA77A8BE15E}.Debug|ARM.Build.0 = Debug|Any CPU
		{F2603AAA-AD4B-4059-8371-8FA77A8BE15E}.Debug|x64.ActiveCfg = Debug|Any CPU
		{F2603AAA-AD4B-4059-8371-8FA77A8BE15E}.Debug|x64.Build.0 = Debug|Any CPU
		{F2603AAA-AD4B-4059-8371-8FA77A8BE15E}.Debug|x86.ActiveCfg = Debug|Any CPU
		{F2603AAA-AD4B-4059-8371-8FA77A8BE15E}.Debug|x86.Build.0 = Debug|Any CPU
		{F2603AAA-AD4B-4059-8371-8FA77A8BE15E}.Release|Any CPU.ActiveCfg = Release|Any CPU
		{F2603AAA-AD4B-4059-8371-8FA77A8BE15E}.Release|Any CPU.Build.0 = Release|Any CPU
		{F2603AAA-AD4B-4059-8371-8FA77A8BE15E}.Release|ARM.ActiveCfg = Release|Any CPU
		{F2603AAA-AD4B-4059-8371-8FA77A8BE15E}.Release|ARM.Build.0 = Release|Any CPU
		{F2603AAA-AD4B-4059-8371-8FA77A8BE15E}.Release|x64.ActiveCfg = Release|Any CPU
		{F2603AAA-AD4B-4059-8371-8FA77A8BE15E}.Release|x64.Build.0 = Release|Any CPU
		{F2603AAA-AD4B-4059-8371-8FA77A8BE15E}.Release|x86.ActiveCfg = Release|Any CPU
		{F2603AAA-AD4B-4059-8371-8FA77A8BE15E}.Release|x86.Build.0 = Release|Any CPU
		{6A26C5C0-744C-4EF6-93CA-5545B5AED6F7}.Debug|Any CPU.ActiveCfg = Debug|Any CPU
		{6A26C5C0-744C-4EF6-93CA-5545B5AED6F7}.Debug|Any CPU.Build.0 = Debug|Any CPU
		{6A26C5C0-744C-4EF6-93CA-5545B5AED6F7}.Debug|ARM.ActiveCfg = Debug|Any CPU
		{6A26C5C0-744C-4EF6-93CA-5545B5AED6F7}.Debug|ARM.Build.0 = Debug|Any CPU
		{6A26C5C0-744C-4EF6-93CA-5545B5AED6F7}.Debug|x64.ActiveCfg = Debug|Any CPU
		{6A26C5C0-744C-4EF6-93CA-5545B5AED6F7}.Debug|x64.Build.0 = Debug|Any CPU
		{6A26C5C0-744C-4EF6-93CA-5545B5AED6F7}.Debug|x86.ActiveCfg = Debug|Any CPU
		{6A26C5C0-744C-4EF6-93CA-5545B5AED6F7}.Debug|x86.Build.0 = Debug|Any CPU
		{6A26C5C0-744C-4EF6-93CA-5545B5AED6F7}.Release|Any CPU.ActiveCfg = Release|Any CPU
		{6A26C5C0-744C-4EF6-93CA-5545B5AED6F7}.Release|Any CPU.Build.0 = Release|Any CPU
		{6A26C5C0-744C-4EF6-93CA-5545B5AED6F7}.Release|ARM.ActiveCfg = Release|Any CPU
		{6A26C5C0-744C-4EF6-93CA-5545B5AED6F7}.Release|ARM.Build.0 = Release|Any CPU
		{6A26C5C0-744C-4EF6-93CA-5545B5AED6F7}.Release|x64.ActiveCfg = Release|Any CPU
		{6A26C5C0-744C-4EF6-93CA-5545B5AED6F7}.Release|x64.Build.0 = Release|Any CPU
		{6A26C5C0-744C-4EF6-93CA-5545B5AED6F7}.Release|x86.ActiveCfg = Release|Any CPU
		{6A26C5C0-744C-4EF6-93CA-5545B5AED6F7}.Release|x86.Build.0 = Release|Any CPU
		{5FAEDA89-182F-46C3-B630-5AF4BC012D5A}.Debug|Any CPU.ActiveCfg = Debug|Any CPU
		{5FAEDA89-182F-46C3-B630-5AF4BC012D5A}.Debug|Any CPU.Build.0 = Debug|Any CPU
		{5FAEDA89-182F-46C3-B630-5AF4BC012D5A}.Debug|ARM.ActiveCfg = Debug|Any CPU
		{5FAEDA89-182F-46C3-B630-5AF4BC012D5A}.Debug|ARM.Build.0 = Debug|Any CPU
		{5FAEDA89-182F-46C3-B630-5AF4BC012D5A}.Debug|x64.ActiveCfg = Debug|Any CPU
		{5FAEDA89-182F-46C3-B630-5AF4BC012D5A}.Debug|x64.Build.0 = Debug|Any CPU
		{5FAEDA89-182F-46C3-B630-5AF4BC012D5A}.Debug|x86.ActiveCfg = Debug|Any CPU
		{5FAEDA89-182F-46C3-B630-5AF4BC012D5A}.Debug|x86.Build.0 = Debug|Any CPU
		{5FAEDA89-182F-46C3-B630-5AF4BC012D5A}.Release|Any CPU.ActiveCfg = Release|Any CPU
		{5FAEDA89-182F-46C3-B630-5AF4BC012D5A}.Release|Any CPU.Build.0 = Release|Any CPU
		{5FAEDA89-182F-46C3-B630-5AF4BC012D5A}.Release|ARM.ActiveCfg = Release|Any CPU
		{5FAEDA89-182F-46C3-B630-5AF4BC012D5A}.Release|ARM.Build.0 = Release|Any CPU
		{5FAEDA89-182F-46C3-B630-5AF4BC012D5A}.Release|x64.ActiveCfg = Release|Any CPU
		{5FAEDA89-182F-46C3-B630-5AF4BC012D5A}.Release|x64.Build.0 = Release|Any CPU
		{5FAEDA89-182F-46C3-B630-5AF4BC012D5A}.Release|x86.ActiveCfg = Release|Any CPU
		{5FAEDA89-182F-46C3-B630-5AF4BC012D5A}.Release|x86.Build.0 = Release|Any CPU
		{88067C02-4DAE-4AD9-B77C-FE90ED94AC9E}.Debug|Any CPU.ActiveCfg = Debug|Any CPU
		{88067C02-4DAE-4AD9-B77C-FE90ED94AC9E}.Debug|Any CPU.Build.0 = Debug|Any CPU
		{88067C02-4DAE-4AD9-B77C-FE90ED94AC9E}.Debug|ARM.ActiveCfg = Debug|Any CPU
		{88067C02-4DAE-4AD9-B77C-FE90ED94AC9E}.Debug|ARM.Build.0 = Debug|Any CPU
		{88067C02-4DAE-4AD9-B77C-FE90ED94AC9E}.Debug|x64.ActiveCfg = Debug|Any CPU
		{88067C02-4DAE-4AD9-B77C-FE90ED94AC9E}.Debug|x64.Build.0 = Debug|Any CPU
		{88067C02-4DAE-4AD9-B77C-FE90ED94AC9E}.Debug|x86.ActiveCfg = Debug|Any CPU
		{88067C02-4DAE-4AD9-B77C-FE90ED94AC9E}.Debug|x86.Build.0 = Debug|Any CPU
		{88067C02-4DAE-4AD9-B77C-FE90ED94AC9E}.Release|Any CPU.ActiveCfg = Release|Any CPU
		{88067C02-4DAE-4AD9-B77C-FE90ED94AC9E}.Release|Any CPU.Build.0 = Release|Any CPU
		{88067C02-4DAE-4AD9-B77C-FE90ED94AC9E}.Release|ARM.ActiveCfg = Release|Any CPU
		{88067C02-4DAE-4AD9-B77C-FE90ED94AC9E}.Release|ARM.Build.0 = Release|Any CPU
		{88067C02-4DAE-4AD9-B77C-FE90ED94AC9E}.Release|x64.ActiveCfg = Release|Any CPU
		{88067C02-4DAE-4AD9-B77C-FE90ED94AC9E}.Release|x64.Build.0 = Release|Any CPU
		{88067C02-4DAE-4AD9-B77C-FE90ED94AC9E}.Release|x86.ActiveCfg = Release|Any CPU
		{88067C02-4DAE-4AD9-B77C-FE90ED94AC9E}.Release|x86.Build.0 = Release|Any CPU
		{AB5C58C2-F791-473A-B37A-23441BF7ADC7}.Debug|Any CPU.ActiveCfg = Debug|Any CPU
		{AB5C58C2-F791-473A-B37A-23441BF7ADC7}.Debug|Any CPU.Build.0 = Debug|Any CPU
		{AB5C58C2-F791-473A-B37A-23441BF7ADC7}.Debug|ARM.ActiveCfg = Debug|Any CPU
		{AB5C58C2-F791-473A-B37A-23441BF7ADC7}.Debug|ARM.Build.0 = Debug|Any CPU
		{AB5C58C2-F791-473A-B37A-23441BF7ADC7}.Debug|x64.ActiveCfg = Debug|Any CPU
		{AB5C58C2-F791-473A-B37A-23441BF7ADC7}.Debug|x64.Build.0 = Debug|Any CPU
		{AB5C58C2-F791-473A-B37A-23441BF7ADC7}.Debug|x86.ActiveCfg = Debug|Any CPU
		{AB5C58C2-F791-473A-B37A-23441BF7ADC7}.Debug|x86.Build.0 = Debug|Any CPU
		{AB5C58C2-F791-473A-B37A-23441BF7ADC7}.Release|Any CPU.ActiveCfg = Release|Any CPU
		{AB5C58C2-F791-473A-B37A-23441BF7ADC7}.Release|Any CPU.Build.0 = Release|Any CPU
		{AB5C58C2-F791-473A-B37A-23441BF7ADC7}.Release|ARM.ActiveCfg = Release|Any CPU
		{AB5C58C2-F791-473A-B37A-23441BF7ADC7}.Release|ARM.Build.0 = Release|Any CPU
		{AB5C58C2-F791-473A-B37A-23441BF7ADC7}.Release|x64.ActiveCfg = Release|Any CPU
		{AB5C58C2-F791-473A-B37A-23441BF7ADC7}.Release|x64.Build.0 = Release|Any CPU
		{AB5C58C2-F791-473A-B37A-23441BF7ADC7}.Release|x86.ActiveCfg = Release|Any CPU
		{AB5C58C2-F791-473A-B37A-23441BF7ADC7}.Release|x86.Build.0 = Release|Any CPU
		{3468E040-B7B0-4064-9B5D-3A849FFE936B}.Debug|Any CPU.ActiveCfg = Debug|Any CPU
		{3468E040-B7B0-4064-9B5D-3A849FFE936B}.Debug|Any CPU.Build.0 = Debug|Any CPU
		{3468E040-B7B0-4064-9B5D-3A849FFE936B}.Debug|ARM.ActiveCfg = Debug|Any CPU
		{3468E040-B7B0-4064-9B5D-3A849FFE936B}.Debug|ARM.Build.0 = Debug|Any CPU
		{3468E040-B7B0-4064-9B5D-3A849FFE936B}.Debug|x64.ActiveCfg = Debug|Any CPU
		{3468E040-B7B0-4064-9B5D-3A849FFE936B}.Debug|x64.Build.0 = Debug|Any CPU
		{3468E040-B7B0-4064-9B5D-3A849FFE936B}.Debug|x86.ActiveCfg = Debug|Any CPU
		{3468E040-B7B0-4064-9B5D-3A849FFE936B}.Debug|x86.Build.0 = Debug|Any CPU
		{3468E040-B7B0-4064-9B5D-3A849FFE936B}.Release|Any CPU.ActiveCfg = Release|Any CPU
		{3468E040-B7B0-4064-9B5D-3A849FFE936B}.Release|Any CPU.Build.0 = Release|Any CPU
		{3468E040-B7B0-4064-9B5D-3A849FFE936B}.Release|ARM.ActiveCfg = Release|Any CPU
		{3468E040-B7B0-4064-9B5D-3A849FFE936B}.Release|ARM.Build.0 = Release|Any CPU
		{3468E040-B7B0-4064-9B5D-3A849FFE936B}.Release|x64.ActiveCfg = Release|Any CPU
		{3468E040-B7B0-4064-9B5D-3A849FFE936B}.Release|x64.Build.0 = Release|Any CPU
		{3468E040-B7B0-4064-9B5D-3A849FFE936B}.Release|x86.ActiveCfg = Release|Any CPU
		{3468E040-B7B0-4064-9B5D-3A849FFE936B}.Release|x86.Build.0 = Release|Any CPU
		{F75A9C93-ED94-4C69-82E4-BC069F4E9FEF}.Debug|Any CPU.ActiveCfg = Debug|Any CPU
		{F75A9C93-ED94-4C69-82E4-BC069F4E9FEF}.Debug|Any CPU.Build.0 = Debug|Any CPU
		{F75A9C93-ED94-4C69-82E4-BC069F4E9FEF}.Debug|ARM.ActiveCfg = Debug|Any CPU
		{F75A9C93-ED94-4C69-82E4-BC069F4E9FEF}.Debug|ARM.Build.0 = Debug|Any CPU
		{F75A9C93-ED94-4C69-82E4-BC069F4E9FEF}.Debug|x64.ActiveCfg = Debug|Any CPU
		{F75A9C93-ED94-4C69-82E4-BC069F4E9FEF}.Debug|x64.Build.0 = Debug|Any CPU
		{F75A9C93-ED94-4C69-82E4-BC069F4E9FEF}.Debug|x86.ActiveCfg = Debug|Any CPU
		{F75A9C93-ED94-4C69-82E4-BC069F4E9FEF}.Debug|x86.Build.0 = Debug|Any CPU
		{F75A9C93-ED94-4C69-82E4-BC069F4E9FEF}.Release|Any CPU.ActiveCfg = Release|Any CPU
		{F75A9C93-ED94-4C69-82E4-BC069F4E9FEF}.Release|Any CPU.Build.0 = Release|Any CPU
		{F75A9C93-ED94-4C69-82E4-BC069F4E9FEF}.Release|ARM.ActiveCfg = Release|Any CPU
		{F75A9C93-ED94-4C69-82E4-BC069F4E9FEF}.Release|ARM.Build.0 = Release|Any CPU
		{F75A9C93-ED94-4C69-82E4-BC069F4E9FEF}.Release|x64.ActiveCfg = Release|Any CPU
		{F75A9C93-ED94-4C69-82E4-BC069F4E9FEF}.Release|x64.Build.0 = Release|Any CPU
		{F75A9C93-ED94-4C69-82E4-BC069F4E9FEF}.Release|x86.ActiveCfg = Release|Any CPU
		{F75A9C93-ED94-4C69-82E4-BC069F4E9FEF}.Release|x86.Build.0 = Release|Any CPU
		{0BB4A729-AC1E-4973-A915-F857FD75740D}.Debug|Any CPU.ActiveCfg = Debug|Any CPU
		{0BB4A729-AC1E-4973-A915-F857FD75740D}.Debug|Any CPU.Build.0 = Debug|Any CPU
		{0BB4A729-AC1E-4973-A915-F857FD75740D}.Debug|ARM.ActiveCfg = Debug|Any CPU
		{0BB4A729-AC1E-4973-A915-F857FD75740D}.Debug|ARM.Build.0 = Debug|Any CPU
		{0BB4A729-AC1E-4973-A915-F857FD75740D}.Debug|x64.ActiveCfg = Debug|Any CPU
		{0BB4A729-AC1E-4973-A915-F857FD75740D}.Debug|x64.Build.0 = Debug|Any CPU
		{0BB4A729-AC1E-4973-A915-F857FD75740D}.Debug|x86.ActiveCfg = Debug|Any CPU
		{0BB4A729-AC1E-4973-A915-F857FD75740D}.Debug|x86.Build.0 = Debug|Any CPU
		{0BB4A729-AC1E-4973-A915-F857FD75740D}.Release|Any CPU.ActiveCfg = Release|Any CPU
		{0BB4A729-AC1E-4973-A915-F857FD75740D}.Release|Any CPU.Build.0 = Release|Any CPU
		{0BB4A729-AC1E-4973-A915-F857FD75740D}.Release|ARM.ActiveCfg = Release|Any CPU
		{0BB4A729-AC1E-4973-A915-F857FD75740D}.Release|ARM.Build.0 = Release|Any CPU
		{0BB4A729-AC1E-4973-A915-F857FD75740D}.Release|x64.ActiveCfg = Release|Any CPU
		{0BB4A729-AC1E-4973-A915-F857FD75740D}.Release|x64.Build.0 = Release|Any CPU
		{0BB4A729-AC1E-4973-A915-F857FD75740D}.Release|x86.ActiveCfg = Release|Any CPU
		{0BB4A729-AC1E-4973-A915-F857FD75740D}.Release|x86.Build.0 = Release|Any CPU
		{32A0B9C1-7441-4EBE-A1BF-21854BD2A57A}.Debug|Any CPU.ActiveCfg = Debug|Any CPU
		{32A0B9C1-7441-4EBE-A1BF-21854BD2A57A}.Debug|Any CPU.Build.0 = Debug|Any CPU
		{32A0B9C1-7441-4EBE-A1BF-21854BD2A57A}.Debug|ARM.ActiveCfg = Debug|Any CPU
		{32A0B9C1-7441-4EBE-A1BF-21854BD2A57A}.Debug|ARM.Build.0 = Debug|Any CPU
		{32A0B9C1-7441-4EBE-A1BF-21854BD2A57A}.Debug|x64.ActiveCfg = Debug|Any CPU
		{32A0B9C1-7441-4EBE-A1BF-21854BD2A57A}.Debug|x64.Build.0 = Debug|Any CPU
		{32A0B9C1-7441-4EBE-A1BF-21854BD2A57A}.Debug|x86.ActiveCfg = Debug|Any CPU
		{32A0B9C1-7441-4EBE-A1BF-21854BD2A57A}.Debug|x86.Build.0 = Debug|Any CPU
		{32A0B9C1-7441-4EBE-A1BF-21854BD2A57A}.Release|Any CPU.ActiveCfg = Release|Any CPU
		{32A0B9C1-7441-4EBE-A1BF-21854BD2A57A}.Release|Any CPU.Build.0 = Release|Any CPU
		{32A0B9C1-7441-4EBE-A1BF-21854BD2A57A}.Release|ARM.ActiveCfg = Release|Any CPU
		{32A0B9C1-7441-4EBE-A1BF-21854BD2A57A}.Release|ARM.Build.0 = Release|Any CPU
		{32A0B9C1-7441-4EBE-A1BF-21854BD2A57A}.Release|x64.ActiveCfg = Release|Any CPU
		{32A0B9C1-7441-4EBE-A1BF-21854BD2A57A}.Release|x64.Build.0 = Release|Any CPU
		{32A0B9C1-7441-4EBE-A1BF-21854BD2A57A}.Release|x86.ActiveCfg = Release|Any CPU
		{32A0B9C1-7441-4EBE-A1BF-21854BD2A57A}.Release|x86.Build.0 = Release|Any CPU
		{401669B1-AF52-4056-89D1-FD5D6DE059AD}.Debug|Any CPU.ActiveCfg = Debug|Any CPU
		{401669B1-AF52-4056-89D1-FD5D6DE059AD}.Debug|Any CPU.Build.0 = Debug|Any CPU
		{401669B1-AF52-4056-89D1-FD5D6DE059AD}.Debug|ARM.ActiveCfg = Debug|Any CPU
		{401669B1-AF52-4056-89D1-FD5D6DE059AD}.Debug|ARM.Build.0 = Debug|Any CPU
		{401669B1-AF52-4056-89D1-FD5D6DE059AD}.Debug|x64.ActiveCfg = Debug|Any CPU
		{401669B1-AF52-4056-89D1-FD5D6DE059AD}.Debug|x64.Build.0 = Debug|Any CPU
		{401669B1-AF52-4056-89D1-FD5D6DE059AD}.Debug|x86.ActiveCfg = Debug|Any CPU
		{401669B1-AF52-4056-89D1-FD5D6DE059AD}.Debug|x86.Build.0 = Debug|Any CPU
		{401669B1-AF52-4056-89D1-FD5D6DE059AD}.Release|Any CPU.ActiveCfg = Release|Any CPU
		{401669B1-AF52-4056-89D1-FD5D6DE059AD}.Release|Any CPU.Build.0 = Release|Any CPU
		{401669B1-AF52-4056-89D1-FD5D6DE059AD}.Release|ARM.ActiveCfg = Release|Any CPU
		{401669B1-AF52-4056-89D1-FD5D6DE059AD}.Release|ARM.Build.0 = Release|Any CPU
		{401669B1-AF52-4056-89D1-FD5D6DE059AD}.Release|x64.ActiveCfg = Release|Any CPU
		{401669B1-AF52-4056-89D1-FD5D6DE059AD}.Release|x64.Build.0 = Release|Any CPU
		{401669B1-AF52-4056-89D1-FD5D6DE059AD}.Release|x86.ActiveCfg = Release|Any CPU
		{401669B1-AF52-4056-89D1-FD5D6DE059AD}.Release|x86.Build.0 = Release|Any CPU
		{A6A21A6D-4FC7-42AF-B739-31516ED91D97}.Debug|Any CPU.ActiveCfg = Debug|Any CPU
		{A6A21A6D-4FC7-42AF-B739-31516ED91D97}.Debug|Any CPU.Build.0 = Debug|Any CPU
		{A6A21A6D-4FC7-42AF-B739-31516ED91D97}.Debug|ARM.ActiveCfg = Debug|Any CPU
		{A6A21A6D-4FC7-42AF-B739-31516ED91D97}.Debug|ARM.Build.0 = Debug|Any CPU
		{A6A21A6D-4FC7-42AF-B739-31516ED91D97}.Debug|x64.ActiveCfg = Debug|Any CPU
		{A6A21A6D-4FC7-42AF-B739-31516ED91D97}.Debug|x64.Build.0 = Debug|Any CPU
		{A6A21A6D-4FC7-42AF-B739-31516ED91D97}.Debug|x86.ActiveCfg = Debug|Any CPU
		{A6A21A6D-4FC7-42AF-B739-31516ED91D97}.Debug|x86.Build.0 = Debug|Any CPU
		{A6A21A6D-4FC7-42AF-B739-31516ED91D97}.Release|Any CPU.ActiveCfg = Release|Any CPU
		{A6A21A6D-4FC7-42AF-B739-31516ED91D97}.Release|Any CPU.Build.0 = Release|Any CPU
		{A6A21A6D-4FC7-42AF-B739-31516ED91D97}.Release|ARM.ActiveCfg = Release|Any CPU
		{A6A21A6D-4FC7-42AF-B739-31516ED91D97}.Release|ARM.Build.0 = Release|Any CPU
		{A6A21A6D-4FC7-42AF-B739-31516ED91D97}.Release|x64.ActiveCfg = Release|Any CPU
		{A6A21A6D-4FC7-42AF-B739-31516ED91D97}.Release|x64.Build.0 = Release|Any CPU
		{A6A21A6D-4FC7-42AF-B739-31516ED91D97}.Release|x86.ActiveCfg = Release|Any CPU
		{A6A21A6D-4FC7-42AF-B739-31516ED91D97}.Release|x86.Build.0 = Release|Any CPU
		{5D197742-D150-440E-9D79-800242482DF5}.Debug|Any CPU.ActiveCfg = Debug|Any CPU
		{5D197742-D150-440E-9D79-800242482DF5}.Debug|Any CPU.Build.0 = Debug|Any CPU
		{5D197742-D150-440E-9D79-800242482DF5}.Debug|ARM.ActiveCfg = Debug|Any CPU
		{5D197742-D150-440E-9D79-800242482DF5}.Debug|ARM.Build.0 = Debug|Any CPU
		{5D197742-D150-440E-9D79-800242482DF5}.Debug|x64.ActiveCfg = Debug|Any CPU
		{5D197742-D150-440E-9D79-800242482DF5}.Debug|x64.Build.0 = Debug|Any CPU
		{5D197742-D150-440E-9D79-800242482DF5}.Debug|x86.ActiveCfg = Debug|Any CPU
		{5D197742-D150-440E-9D79-800242482DF5}.Debug|x86.Build.0 = Debug|Any CPU
		{5D197742-D150-440E-9D79-800242482DF5}.Release|Any CPU.ActiveCfg = Release|Any CPU
		{5D197742-D150-440E-9D79-800242482DF5}.Release|Any CPU.Build.0 = Release|Any CPU
		{5D197742-D150-440E-9D79-800242482DF5}.Release|ARM.ActiveCfg = Release|Any CPU
		{5D197742-D150-440E-9D79-800242482DF5}.Release|ARM.Build.0 = Release|Any CPU
		{5D197742-D150-440E-9D79-800242482DF5}.Release|x64.ActiveCfg = Release|Any CPU
		{5D197742-D150-440E-9D79-800242482DF5}.Release|x64.Build.0 = Release|Any CPU
		{5D197742-D150-440E-9D79-800242482DF5}.Release|x86.ActiveCfg = Release|Any CPU
		{5D197742-D150-440E-9D79-800242482DF5}.Release|x86.Build.0 = Release|Any CPU
		{C96A16D0-DF1A-49FC-98ED-4E2F06351460}.Debug|Any CPU.ActiveCfg = Debug|Any CPU
		{C96A16D0-DF1A-49FC-98ED-4E2F06351460}.Debug|Any CPU.Build.0 = Debug|Any CPU
		{C96A16D0-DF1A-49FC-98ED-4E2F06351460}.Debug|ARM.ActiveCfg = Debug|Any CPU
		{C96A16D0-DF1A-49FC-98ED-4E2F06351460}.Debug|ARM.Build.0 = Debug|Any CPU
		{C96A16D0-DF1A-49FC-98ED-4E2F06351460}.Debug|x64.ActiveCfg = Debug|Any CPU
		{C96A16D0-DF1A-49FC-98ED-4E2F06351460}.Debug|x64.Build.0 = Debug|Any CPU
		{C96A16D0-DF1A-49FC-98ED-4E2F06351460}.Debug|x86.ActiveCfg = Debug|Any CPU
		{C96A16D0-DF1A-49FC-98ED-4E2F06351460}.Debug|x86.Build.0 = Debug|Any CPU
		{C96A16D0-DF1A-49FC-98ED-4E2F06351460}.Release|Any CPU.ActiveCfg = Release|Any CPU
		{C96A16D0-DF1A-49FC-98ED-4E2F06351460}.Release|Any CPU.Build.0 = Release|Any CPU
		{C96A16D0-DF1A-49FC-98ED-4E2F06351460}.Release|ARM.ActiveCfg = Release|Any CPU
		{C96A16D0-DF1A-49FC-98ED-4E2F06351460}.Release|ARM.Build.0 = Release|Any CPU
		{C96A16D0-DF1A-49FC-98ED-4E2F06351460}.Release|x64.ActiveCfg = Release|Any CPU
		{C96A16D0-DF1A-49FC-98ED-4E2F06351460}.Release|x64.Build.0 = Release|Any CPU
		{C96A16D0-DF1A-49FC-98ED-4E2F06351460}.Release|x86.ActiveCfg = Release|Any CPU
		{C96A16D0-DF1A-49FC-98ED-4E2F06351460}.Release|x86.Build.0 = Release|Any CPU
		{355D26F2-3D09-4C22-A80C-F786E3616AA6}.Debug|Any CPU.ActiveCfg = Debug|Any CPU
		{355D26F2-3D09-4C22-A80C-F786E3616AA6}.Debug|Any CPU.Build.0 = Debug|Any CPU
		{355D26F2-3D09-4C22-A80C-F786E3616AA6}.Debug|ARM.ActiveCfg = Debug|Any CPU
		{355D26F2-3D09-4C22-A80C-F786E3616AA6}.Debug|ARM.Build.0 = Debug|Any CPU
		{355D26F2-3D09-4C22-A80C-F786E3616AA6}.Debug|x64.ActiveCfg = Debug|Any CPU
		{355D26F2-3D09-4C22-A80C-F786E3616AA6}.Debug|x64.Build.0 = Debug|Any CPU
		{355D26F2-3D09-4C22-A80C-F786E3616AA6}.Debug|x86.ActiveCfg = Debug|Any CPU
		{355D26F2-3D09-4C22-A80C-F786E3616AA6}.Debug|x86.Build.0 = Debug|Any CPU
		{355D26F2-3D09-4C22-A80C-F786E3616AA6}.Release|Any CPU.ActiveCfg = Release|Any CPU
		{355D26F2-3D09-4C22-A80C-F786E3616AA6}.Release|Any CPU.Build.0 = Release|Any CPU
		{355D26F2-3D09-4C22-A80C-F786E3616AA6}.Release|ARM.ActiveCfg = Release|Any CPU
		{355D26F2-3D09-4C22-A80C-F786E3616AA6}.Release|ARM.Build.0 = Release|Any CPU
		{355D26F2-3D09-4C22-A80C-F786E3616AA6}.Release|x64.ActiveCfg = Release|Any CPU
		{355D26F2-3D09-4C22-A80C-F786E3616AA6}.Release|x64.Build.0 = Release|Any CPU
		{355D26F2-3D09-4C22-A80C-F786E3616AA6}.Release|x86.ActiveCfg = Release|Any CPU
		{355D26F2-3D09-4C22-A80C-F786E3616AA6}.Release|x86.Build.0 = Release|Any CPU
		{594E41B2-898D-4007-AE00-771AE12D534B}.Debug|Any CPU.ActiveCfg = Debug|Any CPU
		{594E41B2-898D-4007-AE00-771AE12D534B}.Debug|Any CPU.Build.0 = Debug|Any CPU
		{594E41B2-898D-4007-AE00-771AE12D534B}.Debug|ARM.ActiveCfg = Debug|Any CPU
		{594E41B2-898D-4007-AE00-771AE12D534B}.Debug|ARM.Build.0 = Debug|Any CPU
		{594E41B2-898D-4007-AE00-771AE12D534B}.Debug|x64.ActiveCfg = Debug|Any CPU
		{594E41B2-898D-4007-AE00-771AE12D534B}.Debug|x64.Build.0 = Debug|Any CPU
		{594E41B2-898D-4007-AE00-771AE12D534B}.Debug|x86.ActiveCfg = Debug|Any CPU
		{594E41B2-898D-4007-AE00-771AE12D534B}.Debug|x86.Build.0 = Debug|Any CPU
		{594E41B2-898D-4007-AE00-771AE12D534B}.Release|Any CPU.ActiveCfg = Release|Any CPU
		{594E41B2-898D-4007-AE00-771AE12D534B}.Release|Any CPU.Build.0 = Release|Any CPU
		{594E41B2-898D-4007-AE00-771AE12D534B}.Release|ARM.ActiveCfg = Release|Any CPU
		{594E41B2-898D-4007-AE00-771AE12D534B}.Release|ARM.Build.0 = Release|Any CPU
		{594E41B2-898D-4007-AE00-771AE12D534B}.Release|x64.ActiveCfg = Release|Any CPU
		{594E41B2-898D-4007-AE00-771AE12D534B}.Release|x64.Build.0 = Release|Any CPU
		{594E41B2-898D-4007-AE00-771AE12D534B}.Release|x86.ActiveCfg = Release|Any CPU
		{594E41B2-898D-4007-AE00-771AE12D534B}.Release|x86.Build.0 = Release|Any CPU
		{088FDFC2-9408-4438-A657-3E3F45CBB89D}.Debug|Any CPU.ActiveCfg = Debug|Any CPU
		{088FDFC2-9408-4438-A657-3E3F45CBB89D}.Debug|Any CPU.Build.0 = Debug|Any CPU
		{088FDFC2-9408-4438-A657-3E3F45CBB89D}.Debug|ARM.ActiveCfg = Debug|Any CPU
		{088FDFC2-9408-4438-A657-3E3F45CBB89D}.Debug|ARM.Build.0 = Debug|Any CPU
		{088FDFC2-9408-4438-A657-3E3F45CBB89D}.Debug|x64.ActiveCfg = Debug|Any CPU
		{088FDFC2-9408-4438-A657-3E3F45CBB89D}.Debug|x64.Build.0 = Debug|Any CPU
		{088FDFC2-9408-4438-A657-3E3F45CBB89D}.Debug|x86.ActiveCfg = Debug|Any CPU
		{088FDFC2-9408-4438-A657-3E3F45CBB89D}.Debug|x86.Build.0 = Debug|Any CPU
		{088FDFC2-9408-4438-A657-3E3F45CBB89D}.Release|Any CPU.ActiveCfg = Release|Any CPU
		{088FDFC2-9408-4438-A657-3E3F45CBB89D}.Release|Any CPU.Build.0 = Release|Any CPU
		{088FDFC2-9408-4438-A657-3E3F45CBB89D}.Release|ARM.ActiveCfg = Release|Any CPU
		{088FDFC2-9408-4438-A657-3E3F45CBB89D}.Release|ARM.Build.0 = Release|Any CPU
		{088FDFC2-9408-4438-A657-3E3F45CBB89D}.Release|x64.ActiveCfg = Release|Any CPU
		{088FDFC2-9408-4438-A657-3E3F45CBB89D}.Release|x64.Build.0 = Release|Any CPU
		{088FDFC2-9408-4438-A657-3E3F45CBB89D}.Release|x86.ActiveCfg = Release|Any CPU
		{088FDFC2-9408-4438-A657-3E3F45CBB89D}.Release|x86.Build.0 = Release|Any CPU
		{E12E6288-DC07-4E33-AA65-C28C96C9569D}.Debug|Any CPU.ActiveCfg = Debug|Any CPU
		{E12E6288-DC07-4E33-AA65-C28C96C9569D}.Debug|Any CPU.Build.0 = Debug|Any CPU
		{E12E6288-DC07-4E33-AA65-C28C96C9569D}.Debug|ARM.ActiveCfg = Debug|Any CPU
		{E12E6288-DC07-4E33-AA65-C28C96C9569D}.Debug|ARM.Build.0 = Debug|Any CPU
		{E12E6288-DC07-4E33-AA65-C28C96C9569D}.Debug|x64.ActiveCfg = Debug|Any CPU
		{E12E6288-DC07-4E33-AA65-C28C96C9569D}.Debug|x64.Build.0 = Debug|Any CPU
		{E12E6288-DC07-4E33-AA65-C28C96C9569D}.Debug|x86.ActiveCfg = Debug|Any CPU
		{E12E6288-DC07-4E33-AA65-C28C96C9569D}.Debug|x86.Build.0 = Debug|Any CPU
		{E12E6288-DC07-4E33-AA65-C28C96C9569D}.Release|Any CPU.ActiveCfg = Release|Any CPU
		{E12E6288-DC07-4E33-AA65-C28C96C9569D}.Release|Any CPU.Build.0 = Release|Any CPU
		{E12E6288-DC07-4E33-AA65-C28C96C9569D}.Release|ARM.ActiveCfg = Release|Any CPU
		{E12E6288-DC07-4E33-AA65-C28C96C9569D}.Release|ARM.Build.0 = Release|Any CPU
		{E12E6288-DC07-4E33-AA65-C28C96C9569D}.Release|x64.ActiveCfg = Release|Any CPU
		{E12E6288-DC07-4E33-AA65-C28C96C9569D}.Release|x64.Build.0 = Release|Any CPU
		{E12E6288-DC07-4E33-AA65-C28C96C9569D}.Release|x86.ActiveCfg = Release|Any CPU
		{E12E6288-DC07-4E33-AA65-C28C96C9569D}.Release|x86.Build.0 = Release|Any CPU
		{53952CC1-3E2E-4E39-8B20-6621502DBD45}.Debug|Any CPU.ActiveCfg = Debug|Any CPU
		{53952CC1-3E2E-4E39-8B20-6621502DBD45}.Debug|Any CPU.Build.0 = Debug|Any CPU
		{53952CC1-3E2E-4E39-8B20-6621502DBD45}.Debug|ARM.ActiveCfg = Debug|Any CPU
		{53952CC1-3E2E-4E39-8B20-6621502DBD45}.Debug|ARM.Build.0 = Debug|Any CPU
		{53952CC1-3E2E-4E39-8B20-6621502DBD45}.Debug|x64.ActiveCfg = Debug|Any CPU
		{53952CC1-3E2E-4E39-8B20-6621502DBD45}.Debug|x64.Build.0 = Debug|Any CPU
		{53952CC1-3E2E-4E39-8B20-6621502DBD45}.Debug|x86.ActiveCfg = Debug|Any CPU
		{53952CC1-3E2E-4E39-8B20-6621502DBD45}.Debug|x86.Build.0 = Debug|Any CPU
		{53952CC1-3E2E-4E39-8B20-6621502DBD45}.Release|Any CPU.ActiveCfg = Release|Any CPU
		{53952CC1-3E2E-4E39-8B20-6621502DBD45}.Release|Any CPU.Build.0 = Release|Any CPU
		{53952CC1-3E2E-4E39-8B20-6621502DBD45}.Release|ARM.ActiveCfg = Release|Any CPU
		{53952CC1-3E2E-4E39-8B20-6621502DBD45}.Release|ARM.Build.0 = Release|Any CPU
		{53952CC1-3E2E-4E39-8B20-6621502DBD45}.Release|x64.ActiveCfg = Release|Any CPU
		{53952CC1-3E2E-4E39-8B20-6621502DBD45}.Release|x64.Build.0 = Release|Any CPU
		{53952CC1-3E2E-4E39-8B20-6621502DBD45}.Release|x86.ActiveCfg = Release|Any CPU
		{53952CC1-3E2E-4E39-8B20-6621502DBD45}.Release|x86.Build.0 = Release|Any CPU
		{E053F613-5D49-4B84-B70F-DDA2000A0177}.Debug|Any CPU.ActiveCfg = Debug|Any CPU
		{E053F613-5D49-4B84-B70F-DDA2000A0177}.Debug|Any CPU.Build.0 = Debug|Any CPU
		{E053F613-5D49-4B84-B70F-DDA2000A0177}.Debug|ARM.ActiveCfg = Debug|Any CPU
		{E053F613-5D49-4B84-B70F-DDA2000A0177}.Debug|ARM.Build.0 = Debug|Any CPU
		{E053F613-5D49-4B84-B70F-DDA2000A0177}.Debug|x64.ActiveCfg = Debug|Any CPU
		{E053F613-5D49-4B84-B70F-DDA2000A0177}.Debug|x64.Build.0 = Debug|Any CPU
		{E053F613-5D49-4B84-B70F-DDA2000A0177}.Debug|x86.ActiveCfg = Debug|Any CPU
		{E053F613-5D49-4B84-B70F-DDA2000A0177}.Debug|x86.Build.0 = Debug|Any CPU
		{E053F613-5D49-4B84-B70F-DDA2000A0177}.Release|Any CPU.ActiveCfg = Release|Any CPU
		{E053F613-5D49-4B84-B70F-DDA2000A0177}.Release|Any CPU.Build.0 = Release|Any CPU
		{E053F613-5D49-4B84-B70F-DDA2000A0177}.Release|ARM.ActiveCfg = Release|Any CPU
		{E053F613-5D49-4B84-B70F-DDA2000A0177}.Release|ARM.Build.0 = Release|Any CPU
		{E053F613-5D49-4B84-B70F-DDA2000A0177}.Release|x64.ActiveCfg = Release|Any CPU
		{E053F613-5D49-4B84-B70F-DDA2000A0177}.Release|x64.Build.0 = Release|Any CPU
		{E053F613-5D49-4B84-B70F-DDA2000A0177}.Release|x86.ActiveCfg = Release|Any CPU
		{E053F613-5D49-4B84-B70F-DDA2000A0177}.Release|x86.Build.0 = Release|Any CPU
		{FC2567F9-9DD2-4039-A338-23F4B6E672DD}.Debug|Any CPU.ActiveCfg = Debug|Any CPU
		{FC2567F9-9DD2-4039-A338-23F4B6E672DD}.Debug|Any CPU.Build.0 = Debug|Any CPU
		{FC2567F9-9DD2-4039-A338-23F4B6E672DD}.Debug|ARM.ActiveCfg = Debug|Any CPU
		{FC2567F9-9DD2-4039-A338-23F4B6E672DD}.Debug|ARM.Build.0 = Debug|Any CPU
		{FC2567F9-9DD2-4039-A338-23F4B6E672DD}.Debug|x64.ActiveCfg = Debug|Any CPU
		{FC2567F9-9DD2-4039-A338-23F4B6E672DD}.Debug|x64.Build.0 = Debug|Any CPU
		{FC2567F9-9DD2-4039-A338-23F4B6E672DD}.Debug|x86.ActiveCfg = Debug|Any CPU
		{FC2567F9-9DD2-4039-A338-23F4B6E672DD}.Debug|x86.Build.0 = Debug|Any CPU
		{FC2567F9-9DD2-4039-A338-23F4B6E672DD}.Release|Any CPU.ActiveCfg = Release|Any CPU
		{FC2567F9-9DD2-4039-A338-23F4B6E672DD}.Release|Any CPU.Build.0 = Release|Any CPU
		{FC2567F9-9DD2-4039-A338-23F4B6E672DD}.Release|ARM.ActiveCfg = Release|Any CPU
		{FC2567F9-9DD2-4039-A338-23F4B6E672DD}.Release|ARM.Build.0 = Release|Any CPU
		{FC2567F9-9DD2-4039-A338-23F4B6E672DD}.Release|x64.ActiveCfg = Release|Any CPU
		{FC2567F9-9DD2-4039-A338-23F4B6E672DD}.Release|x64.Build.0 = Release|Any CPU
		{FC2567F9-9DD2-4039-A338-23F4B6E672DD}.Release|x86.ActiveCfg = Release|Any CPU
		{FC2567F9-9DD2-4039-A338-23F4B6E672DD}.Release|x86.Build.0 = Release|Any CPU
		{4648DEA3-410A-4B55-9438-098CD127ADBB}.Debug|Any CPU.ActiveCfg = Debug|Any CPU
		{4648DEA3-410A-4B55-9438-098CD127ADBB}.Debug|Any CPU.Build.0 = Debug|Any CPU
		{4648DEA3-410A-4B55-9438-098CD127ADBB}.Debug|ARM.ActiveCfg = Debug|Any CPU
		{4648DEA3-410A-4B55-9438-098CD127ADBB}.Debug|ARM.Build.0 = Debug|Any CPU
		{4648DEA3-410A-4B55-9438-098CD127ADBB}.Debug|x64.ActiveCfg = Debug|Any CPU
		{4648DEA3-410A-4B55-9438-098CD127ADBB}.Debug|x64.Build.0 = Debug|Any CPU
		{4648DEA3-410A-4B55-9438-098CD127ADBB}.Debug|x86.ActiveCfg = Debug|Any CPU
		{4648DEA3-410A-4B55-9438-098CD127ADBB}.Debug|x86.Build.0 = Debug|Any CPU
		{4648DEA3-410A-4B55-9438-098CD127ADBB}.Release|Any CPU.ActiveCfg = Release|Any CPU
		{4648DEA3-410A-4B55-9438-098CD127ADBB}.Release|Any CPU.Build.0 = Release|Any CPU
		{4648DEA3-410A-4B55-9438-098CD127ADBB}.Release|ARM.ActiveCfg = Release|Any CPU
		{4648DEA3-410A-4B55-9438-098CD127ADBB}.Release|ARM.Build.0 = Release|Any CPU
		{4648DEA3-410A-4B55-9438-098CD127ADBB}.Release|x64.ActiveCfg = Release|Any CPU
		{4648DEA3-410A-4B55-9438-098CD127ADBB}.Release|x64.Build.0 = Release|Any CPU
		{4648DEA3-410A-4B55-9438-098CD127ADBB}.Release|x86.ActiveCfg = Release|Any CPU
		{4648DEA3-410A-4B55-9438-098CD127ADBB}.Release|x86.Build.0 = Release|Any CPU
		{EAF0A8C3-F76C-4D48-8971-05D018497C2C}.Debug|Any CPU.ActiveCfg = Debug|Any CPU
		{EAF0A8C3-F76C-4D48-8971-05D018497C2C}.Debug|Any CPU.Build.0 = Debug|Any CPU
		{EAF0A8C3-F76C-4D48-8971-05D018497C2C}.Debug|ARM.ActiveCfg = Debug|Any CPU
		{EAF0A8C3-F76C-4D48-8971-05D018497C2C}.Debug|ARM.Build.0 = Debug|Any CPU
		{EAF0A8C3-F76C-4D48-8971-05D018497C2C}.Debug|x64.ActiveCfg = Debug|Any CPU
		{EAF0A8C3-F76C-4D48-8971-05D018497C2C}.Debug|x64.Build.0 = Debug|Any CPU
		{EAF0A8C3-F76C-4D48-8971-05D018497C2C}.Debug|x86.ActiveCfg = Debug|Any CPU
		{EAF0A8C3-F76C-4D48-8971-05D018497C2C}.Debug|x86.Build.0 = Debug|Any CPU
		{EAF0A8C3-F76C-4D48-8971-05D018497C2C}.Release|Any CPU.ActiveCfg = Release|Any CPU
		{EAF0A8C3-F76C-4D48-8971-05D018497C2C}.Release|Any CPU.Build.0 = Release|Any CPU
		{EAF0A8C3-F76C-4D48-8971-05D018497C2C}.Release|ARM.ActiveCfg = Release|Any CPU
		{EAF0A8C3-F76C-4D48-8971-05D018497C2C}.Release|ARM.Build.0 = Release|Any CPU
		{EAF0A8C3-F76C-4D48-8971-05D018497C2C}.Release|x64.ActiveCfg = Release|Any CPU
		{EAF0A8C3-F76C-4D48-8971-05D018497C2C}.Release|x64.Build.0 = Release|Any CPU
		{EAF0A8C3-F76C-4D48-8971-05D018497C2C}.Release|x86.ActiveCfg = Release|Any CPU
		{EAF0A8C3-F76C-4D48-8971-05D018497C2C}.Release|x86.Build.0 = Release|Any CPU
		{708CF39D-CBAF-4B8B-9FED-F5B38CA32E80}.Debug|Any CPU.ActiveCfg = Debug|Any CPU
		{708CF39D-CBAF-4B8B-9FED-F5B38CA32E80}.Debug|Any CPU.Build.0 = Debug|Any CPU
		{708CF39D-CBAF-4B8B-9FED-F5B38CA32E80}.Debug|ARM.ActiveCfg = Debug|Any CPU
		{708CF39D-CBAF-4B8B-9FED-F5B38CA32E80}.Debug|ARM.Build.0 = Debug|Any CPU
		{708CF39D-CBAF-4B8B-9FED-F5B38CA32E80}.Debug|x64.ActiveCfg = Debug|Any CPU
		{708CF39D-CBAF-4B8B-9FED-F5B38CA32E80}.Debug|x64.Build.0 = Debug|Any CPU
		{708CF39D-CBAF-4B8B-9FED-F5B38CA32E80}.Debug|x86.ActiveCfg = Debug|Any CPU
		{708CF39D-CBAF-4B8B-9FED-F5B38CA32E80}.Debug|x86.Build.0 = Debug|Any CPU
		{708CF39D-CBAF-4B8B-9FED-F5B38CA32E80}.Release|Any CPU.ActiveCfg = Release|Any CPU
		{708CF39D-CBAF-4B8B-9FED-F5B38CA32E80}.Release|Any CPU.Build.0 = Release|Any CPU
		{708CF39D-CBAF-4B8B-9FED-F5B38CA32E80}.Release|ARM.ActiveCfg = Release|Any CPU
		{708CF39D-CBAF-4B8B-9FED-F5B38CA32E80}.Release|ARM.Build.0 = Release|Any CPU
		{708CF39D-CBAF-4B8B-9FED-F5B38CA32E80}.Release|x64.ActiveCfg = Release|Any CPU
		{708CF39D-CBAF-4B8B-9FED-F5B38CA32E80}.Release|x64.Build.0 = Release|Any CPU
		{708CF39D-CBAF-4B8B-9FED-F5B38CA32E80}.Release|x86.ActiveCfg = Release|Any CPU
		{708CF39D-CBAF-4B8B-9FED-F5B38CA32E80}.Release|x86.Build.0 = Release|Any CPU
		{E8210E14-1865-44EF-AD26-6E81C3E10F39}.Debug|Any CPU.ActiveCfg = Debug|Any CPU
		{E8210E14-1865-44EF-AD26-6E81C3E10F39}.Debug|Any CPU.Build.0 = Debug|Any CPU
		{E8210E14-1865-44EF-AD26-6E81C3E10F39}.Debug|ARM.ActiveCfg = Debug|Any CPU
		{E8210E14-1865-44EF-AD26-6E81C3E10F39}.Debug|ARM.Build.0 = Debug|Any CPU
		{E8210E14-1865-44EF-AD26-6E81C3E10F39}.Debug|x64.ActiveCfg = Debug|Any CPU
		{E8210E14-1865-44EF-AD26-6E81C3E10F39}.Debug|x64.Build.0 = Debug|Any CPU
		{E8210E14-1865-44EF-AD26-6E81C3E10F39}.Debug|x86.ActiveCfg = Debug|Any CPU
		{E8210E14-1865-44EF-AD26-6E81C3E10F39}.Debug|x86.Build.0 = Debug|Any CPU
		{E8210E14-1865-44EF-AD26-6E81C3E10F39}.Release|Any CPU.ActiveCfg = Release|Any CPU
		{E8210E14-1865-44EF-AD26-6E81C3E10F39}.Release|Any CPU.Build.0 = Release|Any CPU
		{E8210E14-1865-44EF-AD26-6E81C3E10F39}.Release|ARM.ActiveCfg = Release|Any CPU
		{E8210E14-1865-44EF-AD26-6E81C3E10F39}.Release|ARM.Build.0 = Release|Any CPU
		{E8210E14-1865-44EF-AD26-6E81C3E10F39}.Release|x64.ActiveCfg = Release|Any CPU
		{E8210E14-1865-44EF-AD26-6E81C3E10F39}.Release|x64.Build.0 = Release|Any CPU
		{E8210E14-1865-44EF-AD26-6E81C3E10F39}.Release|x86.ActiveCfg = Release|Any CPU
		{E8210E14-1865-44EF-AD26-6E81C3E10F39}.Release|x86.Build.0 = Release|Any CPU
		{FA298D57-C01A-4F64-AD94-957D2EB30C1E}.Debug|Any CPU.ActiveCfg = Debug|Any CPU
		{FA298D57-C01A-4F64-AD94-957D2EB30C1E}.Debug|Any CPU.Build.0 = Debug|Any CPU
		{FA298D57-C01A-4F64-AD94-957D2EB30C1E}.Debug|ARM.ActiveCfg = Debug|Any CPU
		{FA298D57-C01A-4F64-AD94-957D2EB30C1E}.Debug|ARM.Build.0 = Debug|Any CPU
		{FA298D57-C01A-4F64-AD94-957D2EB30C1E}.Debug|x64.ActiveCfg = Debug|Any CPU
		{FA298D57-C01A-4F64-AD94-957D2EB30C1E}.Debug|x64.Build.0 = Debug|Any CPU
		{FA298D57-C01A-4F64-AD94-957D2EB30C1E}.Debug|x86.ActiveCfg = Debug|Any CPU
		{FA298D57-C01A-4F64-AD94-957D2EB30C1E}.Debug|x86.Build.0 = Debug|Any CPU
		{FA298D57-C01A-4F64-AD94-957D2EB30C1E}.Release|Any CPU.ActiveCfg = Release|Any CPU
		{FA298D57-C01A-4F64-AD94-957D2EB30C1E}.Release|Any CPU.Build.0 = Release|Any CPU
		{FA298D57-C01A-4F64-AD94-957D2EB30C1E}.Release|ARM.ActiveCfg = Release|Any CPU
		{FA298D57-C01A-4F64-AD94-957D2EB30C1E}.Release|ARM.Build.0 = Release|Any CPU
		{FA298D57-C01A-4F64-AD94-957D2EB30C1E}.Release|x64.ActiveCfg = Release|Any CPU
		{FA298D57-C01A-4F64-AD94-957D2EB30C1E}.Release|x64.Build.0 = Release|Any CPU
		{FA298D57-C01A-4F64-AD94-957D2EB30C1E}.Release|x86.ActiveCfg = Release|Any CPU
		{FA298D57-C01A-4F64-AD94-957D2EB30C1E}.Release|x86.Build.0 = Release|Any CPU
		{E57EC37B-2E94-48CC-BC93-B0C1123B4510}.Debug|Any CPU.ActiveCfg = Debug|Any CPU
		{E57EC37B-2E94-48CC-BC93-B0C1123B4510}.Debug|Any CPU.Build.0 = Debug|Any CPU
		{E57EC37B-2E94-48CC-BC93-B0C1123B4510}.Debug|ARM.ActiveCfg = Debug|Any CPU
		{E57EC37B-2E94-48CC-BC93-B0C1123B4510}.Debug|ARM.Build.0 = Debug|Any CPU
		{E57EC37B-2E94-48CC-BC93-B0C1123B4510}.Debug|x64.ActiveCfg = Debug|Any CPU
		{E57EC37B-2E94-48CC-BC93-B0C1123B4510}.Debug|x64.Build.0 = Debug|Any CPU
		{E57EC37B-2E94-48CC-BC93-B0C1123B4510}.Debug|x86.ActiveCfg = Debug|Any CPU
		{E57EC37B-2E94-48CC-BC93-B0C1123B4510}.Debug|x86.Build.0 = Debug|Any CPU
		{E57EC37B-2E94-48CC-BC93-B0C1123B4510}.Release|Any CPU.ActiveCfg = Release|Any CPU
		{E57EC37B-2E94-48CC-BC93-B0C1123B4510}.Release|Any CPU.Build.0 = Release|Any CPU
		{E57EC37B-2E94-48CC-BC93-B0C1123B4510}.Release|ARM.ActiveCfg = Release|Any CPU
		{E57EC37B-2E94-48CC-BC93-B0C1123B4510}.Release|ARM.Build.0 = Release|Any CPU
		{E57EC37B-2E94-48CC-BC93-B0C1123B4510}.Release|x64.ActiveCfg = Release|Any CPU
		{E57EC37B-2E94-48CC-BC93-B0C1123B4510}.Release|x64.Build.0 = Release|Any CPU
		{E57EC37B-2E94-48CC-BC93-B0C1123B4510}.Release|x86.ActiveCfg = Release|Any CPU
		{E57EC37B-2E94-48CC-BC93-B0C1123B4510}.Release|x86.Build.0 = Release|Any CPU
		{99A86679-384F-4C59-8B87-87DBB8A96DE7}.Debug|Any CPU.ActiveCfg = Debug|Any CPU
		{99A86679-384F-4C59-8B87-87DBB8A96DE7}.Debug|Any CPU.Build.0 = Debug|Any CPU
		{99A86679-384F-4C59-8B87-87DBB8A96DE7}.Debug|ARM.ActiveCfg = Debug|Any CPU
		{99A86679-384F-4C59-8B87-87DBB8A96DE7}.Debug|ARM.Build.0 = Debug|Any CPU
		{99A86679-384F-4C59-8B87-87DBB8A96DE7}.Debug|x64.ActiveCfg = Debug|Any CPU
		{99A86679-384F-4C59-8B87-87DBB8A96DE7}.Debug|x64.Build.0 = Debug|Any CPU
		{99A86679-384F-4C59-8B87-87DBB8A96DE7}.Debug|x86.ActiveCfg = Debug|Any CPU
		{99A86679-384F-4C59-8B87-87DBB8A96DE7}.Debug|x86.Build.0 = Debug|Any CPU
		{99A86679-384F-4C59-8B87-87DBB8A96DE7}.Release|Any CPU.ActiveCfg = Release|Any CPU
		{99A86679-384F-4C59-8B87-87DBB8A96DE7}.Release|Any CPU.Build.0 = Release|Any CPU
		{99A86679-384F-4C59-8B87-87DBB8A96DE7}.Release|ARM.ActiveCfg = Release|Any CPU
		{99A86679-384F-4C59-8B87-87DBB8A96DE7}.Release|ARM.Build.0 = Release|Any CPU
		{99A86679-384F-4C59-8B87-87DBB8A96DE7}.Release|x64.ActiveCfg = Release|Any CPU
		{99A86679-384F-4C59-8B87-87DBB8A96DE7}.Release|x64.Build.0 = Release|Any CPU
		{99A86679-384F-4C59-8B87-87DBB8A96DE7}.Release|x86.ActiveCfg = Release|Any CPU
		{99A86679-384F-4C59-8B87-87DBB8A96DE7}.Release|x86.Build.0 = Release|Any CPU
	EndGlobalSection
	GlobalSection(SolutionProperties) = preSolution
		HideSolutionNode = FALSE
	EndGlobalSection
	GlobalSection(NestedProjects) = preSolution
		{FDE2BDA6-E7B8-4EFD-8B64-57787F9F9524} = {52C2CA17-5CF8-4DF1-AEA4-66EC7363105D}
		{52C2CA17-5CF8-4DF1-AEA4-66EC7363105D} = {496D2D18-34C4-4621-AECC-5FE6AE212DC6}
		{C8DC6BDF-3CA5-41CA-AFE8-99217BCADE39} = {496D2D18-34C4-4621-AECC-5FE6AE212DC6}
		{6AF8CE5C-F3E4-4652-A9A7-4DF9EAC6A061} = {C8DC6BDF-3CA5-41CA-AFE8-99217BCADE39}
		{4C091E29-8472-49D5-BD5E-87858F6198A1} = {52C2CA17-5CF8-4DF1-AEA4-66EC7363105D}
		{CB6AB81C-1226-468A-9F10-58F7F9637CFD} = {C8DC6BDF-3CA5-41CA-AFE8-99217BCADE39}
		{B34D1E0A-02B9-4512-A07F-0603AD29AD3A} = {52C2CA17-5CF8-4DF1-AEA4-66EC7363105D}
		{6433D8C6-C536-4E03-BE9E-6AFDA0DE0801} = {52C2CA17-5CF8-4DF1-AEA4-66EC7363105D}
		{F2603AAA-AD4B-4059-8371-8FA77A8BE15E} = {52C2CA17-5CF8-4DF1-AEA4-66EC7363105D}
		{6A26C5C0-744C-4EF6-93CA-5545B5AED6F7} = {E3A21C2A-8F9C-452A-BF3F-64B662FB5879}
		{A7060DB8-9A8C-42EB-B038-FC264044B029} = {496D2D18-34C4-4621-AECC-5FE6AE212DC6}
		{5FAEDA89-182F-46C3-B630-5AF4BC012D5A} = {E3A21C2A-8F9C-452A-BF3F-64B662FB5879}
		{88067C02-4DAE-4AD9-B77C-FE90ED94AC9E} = {52C2CA17-5CF8-4DF1-AEA4-66EC7363105D}
		{AB5C58C2-F791-473A-B37A-23441BF7ADC7} = {52C2CA17-5CF8-4DF1-AEA4-66EC7363105D}
		{3468E040-B7B0-4064-9B5D-3A849FFE936B} = {52C2CA17-5CF8-4DF1-AEA4-66EC7363105D}
		{F75A9C93-ED94-4C69-82E4-BC069F4E9FEF} = {C8DC6BDF-3CA5-41CA-AFE8-99217BCADE39}
		{0BB4A729-AC1E-4973-A915-F857FD75740D} = {A7060DB8-9A8C-42EB-B038-FC264044B029}
		{32A0B9C1-7441-4EBE-A1BF-21854BD2A57A} = {E3A21C2A-8F9C-452A-BF3F-64B662FB5879}
		{401669B1-AF52-4056-89D1-FD5D6DE059AD} = {E3A21C2A-8F9C-452A-BF3F-64B662FB5879}
		{A6A21A6D-4FC7-42AF-B739-31516ED91D97} = {E3A21C2A-8F9C-452A-BF3F-64B662FB5879}
		{5D197742-D150-440E-9D79-800242482DF5} = {E3A21C2A-8F9C-452A-BF3F-64B662FB5879}
		{C96A16D0-DF1A-49FC-98ED-4E2F06351460} = {52C2CA17-5CF8-4DF1-AEA4-66EC7363105D}
		{355D26F2-3D09-4C22-A80C-F786E3616AA6} = {52C2CA17-5CF8-4DF1-AEA4-66EC7363105D}
		{594E41B2-898D-4007-AE00-771AE12D534B} = {52C2CA17-5CF8-4DF1-AEA4-66EC7363105D}
		{088FDFC2-9408-4438-A657-3E3F45CBB89D} = {52C2CA17-5CF8-4DF1-AEA4-66EC7363105D}
		{E12E6288-DC07-4E33-AA65-C28C96C9569D} = {E3A21C2A-8F9C-452A-BF3F-64B662FB5879}
		{53952CC1-3E2E-4E39-8B20-6621502DBD45} = {A7060DB8-9A8C-42EB-B038-FC264044B029}
		{E3A21C2A-8F9C-452A-BF3F-64B662FB5879} = {496D2D18-34C4-4621-AECC-5FE6AE212DC6}
		{E053F613-5D49-4B84-B70F-DDA2000A0177} = {E3A21C2A-8F9C-452A-BF3F-64B662FB5879}
		{FC2567F9-9DD2-4039-A338-23F4B6E672DD} = {E3A21C2A-8F9C-452A-BF3F-64B662FB5879}
		{4648DEA3-410A-4B55-9438-098CD127ADBB} = {52C2CA17-5CF8-4DF1-AEA4-66EC7363105D}
		{EAF0A8C3-F76C-4D48-8971-05D018497C2C} = {E3A21C2A-8F9C-452A-BF3F-64B662FB5879}
		{708CF39D-CBAF-4B8B-9FED-F5B38CA32E80} = {E3A21C2A-8F9C-452A-BF3F-64B662FB5879}
		{E8210E14-1865-44EF-AD26-6E81C3E10F39} = {52C2CA17-5CF8-4DF1-AEA4-66EC7363105D}
		{FA298D57-C01A-4F64-AD94-957D2EB30C1E} = {52C2CA17-5CF8-4DF1-AEA4-66EC7363105D}
		{E57EC37B-2E94-48CC-BC93-B0C1123B4510} = {52C2CA17-5CF8-4DF1-AEA4-66EC7363105D}
		{99A86679-384F-4C59-8B87-87DBB8A96DE7} = {52C2CA17-5CF8-4DF1-AEA4-66EC7363105D}
	EndGlobalSection
	GlobalSection(ExtensibilityGlobals) = postSolution
		SolutionGuid = {3E60FEBF-BFDD-49E2-B4A2-B87ED035EADE}
	EndGlobalSection
EndGlobal
