
Microsoft Visual Studio Solution File, Format Version 12.00
# Visual Studio 14
VisualStudioVersion = 14.0.25420.1
MinimumVisualStudioVersion = 10.0.40219.1
Project("{2150E333-8FDC-42A3-9474-1A3956D46DE8}") = "PMS", "PMS", "{496D2D18-34C4-4621-AECC-5FE6AE212DC6}"
EndProject
Project("{2150E333-8FDC-42A3-9474-1A3956D46DE8}") = "Others", "Others", "{2CC69505-5683-44EA-8650-64046D2A967E}"
EndProject
Project("{2150E333-8FDC-42A3-9474-1A3956D46DE8}") = "Documents", "Documents", "{DC0B74BE-6C71-426A-BDEC-E32ED2BC0D98}"
	ProjectSection(SolutionItems) = preProject
		Documents\Commit语句.txt = Documents\Commit语句.txt
		Priority规范.txt = Priority规范.txt
		ReadMe.txt = ReadMe.txt
		State规范.txt = State规范.txt
		Documents\关于自动更新.txt = Documents\关于自动更新.txt
		Documents\客户端的功能.txt = Documents\客户端的功能.txt
		工艺和记录.txt = 工艺和记录.txt
		权限控制层次.txt = 权限控制层次.txt
		Documents\用户权限控制.txt = Documents\用户权限控制.txt
		订单显示思路.txt = 订单显示思路.txt
	EndProjectSection
EndProject
Project("{FAE04EC0-301F-11D3-BF4B-00C04F79EFBC}") = "PMSCommon", "PMSCommon\PMSCommon.csproj", "{0BB4A729-AC1E-4973-A915-F857FD75740D}"
EndProject
Project("{FAE04EC0-301F-11D3-BF4B-00C04F79EFBC}") = "PMSDAL", "PMSDAL\PMSDAL.csproj", "{F75A9C93-ED94-4C69-82E4-BC069F4E9FEF}"
EndProject
Project("{FAE04EC0-301F-11D3-BF4B-00C04F79EFBC}") = "PMSLargeScreen", "PMSLargeScreen\PMSLargeScreen.csproj", "{FDE2BDA6-E7B8-4EFD-8B64-57787F9F9524}"
EndProject
Project("{FAE04EC0-301F-11D3-BF4B-00C04F79EFBC}") = "PMSTabletClient", "PMSTabletClient\PMSTabletClient.csproj", "{6F0CC519-5524-4D4D-B03D-0565B42ADB0F}"
EndProject
Project("{FAE04EC0-301F-11D3-BF4B-00C04F79EFBC}") = "PMSDesktopClient", "PMSDesktopClient\PMSDesktopClient.csproj", "{B1FE45BF-FE59-4BFE-B2B3-1C30AD07ACA2}"
EndProject
Project("{2150E333-8FDC-42A3-9474-1A3956D46DE8}") = "Component", "Component", "{BB7B985B-3943-4632-A0C2-3CF723CAB119}"
EndProject
Project("{FAE04EC0-301F-11D3-BF4B-00C04F79EFBC}") = "UsefulPackage", "UsefulPackage\UsefulPackage.csproj", "{20FE28FA-6FEF-4FC7-9457-794A4D9459DB}"
EndProject
Project("{FAE04EC0-301F-11D3-BF4B-00C04F79EFBC}") = "UsefulPackage.UnitTest", "UsefulPackage.UnitTest\UsefulPackage.UnitTest.csproj", "{4B3045EC-EFD0-4F7A-8D52-8949196DADD2}"
EndProject
Project("{FAE04EC0-301F-11D3-BF4B-00C04F79EFBC}") = "PMSRawMaterialRecord", "PMSRawMaterialRecord\PMSRawMaterialRecord.csproj", "{69FBEC4A-D91D-4B5C-8CF8-AB77020E7461}"
EndProject
Project("{FAE04EC0-301F-11D3-BF4B-00C04F79EFBC}") = "PMSOASystem", "PMSOASystem\PMSOASystem.csproj", "{D940A038-DA2C-4899-8E9D-E78B8DC5ED9E}"
EndProject
Project("{2150E333-8FDC-42A3-9474-1A3956D46DE8}") = "OA", "OA", "{C80C3BCB-AE84-44C0-949B-D64DD5532A99}"
EndProject
Project("{FAE04EC0-301F-11D3-BF4B-00C04F79EFBC}") = "PMSUsefulTool", "PMSUsefulTool\PMSUsefulTool.csproj", "{0433D1D1-D391-41F0-959F-6AFF76299D31}"
EndProject
Project("{FAE04EC0-301F-11D3-BF4B-00C04F79EFBC}") = "NotificationClient", "NotificationClient\NotificationClient.csproj", "{1D2F9188-66AC-47CC-A9DC-0BD3586A4309}"
EndProject
Project("{FAE04EC0-301F-11D3-BF4B-00C04F79EFBC}") = "NotificationManagement", "NotificationManagement\NotificationManagement.csproj", "{62326CFA-48F8-4B69-9ECF-69456C627FE6}"
EndProject
Project("{FAE04EC0-301F-11D3-BF4B-00C04F79EFBC}") = "NotificationCommon", "NotificationCommon\NotificationCommon.csproj", "{B7498437-86ED-45D9-BFD3-355717F226F4}"
EndProject
Project("{FAE04EC0-301F-11D3-BF4B-00C04F79EFBC}") = "PMSAuthorization", "PMSAuthorization\PMSAuthorization.csproj", "{B30F585B-37CC-4117-9480-A533B3AB40BF}"
EndProject
Project("{2150E333-8FDC-42A3-9474-1A3956D46DE8}") = "FakeService", "FakeService", "{92051E1E-BCD9-4C68-B62C-1962697F1B38}"
EndProject
Project("{2150E333-8FDC-42A3-9474-1A3956D46DE8}") = "Client", "Client", "{52C2CA17-5CF8-4DF1-AEA4-66EC7363105D}"
EndProject
Project("{FAE04EC0-301F-11D3-BF4B-00C04F79EFBC}") = "PMSUWPClient", "PMSUWPClient\PMSUWPClient.csproj", "{C0C988AF-899F-46B2-950E-DE4053F8B5D5}"
EndProject
Project("{FAE04EC0-301F-11D3-BF4B-00C04F79EFBC}") = "PMSUserControl", "PMSUserControl\PMSUserControl.csproj", "{FD040F09-40C6-4157-888C-7A0246FE022D}"
EndProject
Project("{2150E333-8FDC-42A3-9474-1A3956D46DE8}") = "Service", "Service", "{C8DC6BDF-3CA5-41CA-AFE8-99217BCADE39}"
EndProject
Project("{FAE04EC0-301F-11D3-BF4B-00C04F79EFBC}") = "PMSFakeService", "PMSFakeService\PMSFakeService.csproj", "{8D74A4EA-7FAF-4ACC-B0BC-5B399E234B85}"
EndProject
Project("{FAE04EC0-301F-11D3-BF4B-00C04F79EFBC}") = "PMSWCFService.Test", "PMSWCFService.Test\PMSWCFService.Test.csproj", "{5482C275-4DDB-4136-AA5D-C804A01152BA}"
EndProject
Project("{FAE04EC0-301F-11D3-BF4B-00C04F79EFBC}") = "PMSWCFService", "PMSWCFService\PMSWCFService.csproj", "{6AF8CE5C-F3E4-4652-A9A7-4DF9EAC6A061}"
EndProject
Project("{FAE04EC0-301F-11D3-BF4B-00C04F79EFBC}") = "PMSWebAPIService", "PMSWebAPIService\PMSWebAPIService.csproj", "{224F2B9E-A3A2-430D-849F-58BEC6A433B8}"
EndProject
Project("{FAE04EC0-301F-11D3-BF4B-00C04F79EFBC}") = "PMSWebAPIService.Tests", "PMSWebAPIService.Tests\PMSWebAPIService.Tests.csproj", "{9D2FABF3-CDBB-442A-83F8-E00BFDCE164A}"
EndProject
Project("{FAE04EC0-301F-11D3-BF4B-00C04F79EFBC}") = "DocGeneratorTest", "DocGeneratorTest\DocGeneratorTest.csproj", "{615EBFBF-F524-4FB4-92E9-C6886DF03B8B}"
EndProject
Project("{FAE04EC0-301F-11D3-BF4B-00C04F79EFBC}") = "DocGenerator", "DocGenerator\DocGenerator.csproj", "{E6CEED5E-BA12-4CC0-A0D3-84746F3CACE9}"
EndProject
Project("{FAE04EC0-301F-11D3-BF4B-00C04F79EFBC}") = "DBTransferFromOldToNew", "DBTransferFromOldToNew\DBTransferFromOldToNew.csproj", "{B0B740E4-0D62-4515-B55F-42B0C6C0DE4C}"
EndProject
Project("{FAE04EC0-301F-11D3-BF4B-00C04F79EFBC}") = "NotificationDAL", "NotificationDAL\NotificationDAL.csproj", "{B46364F6-247C-44D5-8A20-09724A3482B8}"
EndProject
Project("{FAE04EC0-301F-11D3-BF4B-00C04F79EFBC}") = "UseBarTender", "UseBarTender\UseBarTender.csproj", "{A949BF74-EDEE-4BA3-B853-9AAB2B811279}"
EndProject
Global
	GlobalSection(SolutionConfigurationPlatforms) = preSolution
		Debug|Any CPU = Debug|Any CPU
		Debug|ARM = Debug|ARM
		Debug|x64 = Debug|x64
		Debug|x86 = Debug|x86
		Release|Any CPU = Release|Any CPU
		Release|ARM = Release|ARM
		Release|x64 = Release|x64
		Release|x86 = Release|x86
	EndGlobalSection
	GlobalSection(ProjectConfigurationPlatforms) = postSolution
		{0BB4A729-AC1E-4973-A915-F857FD75740D}.Debug|Any CPU.ActiveCfg = Debug|Any CPU
		{0BB4A729-AC1E-4973-A915-F857FD75740D}.Debug|Any CPU.Build.0 = Debug|Any CPU
		{0BB4A729-AC1E-4973-A915-F857FD75740D}.Debug|ARM.ActiveCfg = Debug|Any CPU
		{0BB4A729-AC1E-4973-A915-F857FD75740D}.Debug|ARM.Build.0 = Debug|Any CPU
		{0BB4A729-AC1E-4973-A915-F857FD75740D}.Debug|x64.ActiveCfg = Debug|Any CPU
		{0BB4A729-AC1E-4973-A915-F857FD75740D}.Debug|x64.Build.0 = Debug|Any CPU
		{0BB4A729-AC1E-4973-A915-F857FD75740D}.Debug|x86.ActiveCfg = Debug|Any CPU
		{0BB4A729-AC1E-4973-A915-F857FD75740D}.Debug|x86.Build.0 = Debug|Any CPU
		{0BB4A729-AC1E-4973-A915-F857FD75740D}.Release|Any CPU.ActiveCfg = Release|Any CPU
		{0BB4A729-AC1E-4973-A915-F857FD75740D}.Release|Any CPU.Build.0 = Release|Any CPU
		{0BB4A729-AC1E-4973-A915-F857FD75740D}.Release|ARM.ActiveCfg = Release|Any CPU
		{0BB4A729-AC1E-4973-A915-F857FD75740D}.Release|ARM.Build.0 = Release|Any CPU
		{0BB4A729-AC1E-4973-A915-F857FD75740D}.Release|x64.ActiveCfg = Release|Any CPU
		{0BB4A729-AC1E-4973-A915-F857FD75740D}.Release|x64.Build.0 = Release|Any CPU
		{0BB4A729-AC1E-4973-A915-F857FD75740D}.Release|x86.ActiveCfg = Release|Any CPU
		{0BB4A729-AC1E-4973-A915-F857FD75740D}.Release|x86.Build.0 = Release|Any CPU
		{F75A9C93-ED94-4C69-82E4-BC069F4E9FEF}.Debug|Any CPU.ActiveCfg = Debug|Any CPU
		{F75A9C93-ED94-4C69-82E4-BC069F4E9FEF}.Debug|Any CPU.Build.0 = Debug|Any CPU
		{F75A9C93-ED94-4C69-82E4-BC069F4E9FEF}.Debug|ARM.ActiveCfg = Debug|Any CPU
		{F75A9C93-ED94-4C69-82E4-BC069F4E9FEF}.Debug|ARM.Build.0 = Debug|Any CPU
		{F75A9C93-ED94-4C69-82E4-BC069F4E9FEF}.Debug|x64.ActiveCfg = Debug|Any CPU
		{F75A9C93-ED94-4C69-82E4-BC069F4E9FEF}.Debug|x64.Build.0 = Debug|Any CPU
		{F75A9C93-ED94-4C69-82E4-BC069F4E9FEF}.Debug|x86.ActiveCfg = Debug|Any CPU
		{F75A9C93-ED94-4C69-82E4-BC069F4E9FEF}.Debug|x86.Build.0 = Debug|Any CPU
		{F75A9C93-ED94-4C69-82E4-BC069F4E9FEF}.Release|Any CPU.ActiveCfg = Release|Any CPU
		{F75A9C93-ED94-4C69-82E4-BC069F4E9FEF}.Release|Any CPU.Build.0 = Release|Any CPU
		{F75A9C93-ED94-4C69-82E4-BC069F4E9FEF}.Release|ARM.ActiveCfg = Release|Any CPU
		{F75A9C93-ED94-4C69-82E4-BC069F4E9FEF}.Release|ARM.Build.0 = Release|Any CPU
		{F75A9C93-ED94-4C69-82E4-BC069F4E9FEF}.Release|x64.ActiveCfg = Release|Any CPU
		{F75A9C93-ED94-4C69-82E4-BC069F4E9FEF}.Release|x64.Build.0 = Release|Any CPU
		{F75A9C93-ED94-4C69-82E4-BC069F4E9FEF}.Release|x86.ActiveCfg = Release|Any CPU
		{F75A9C93-ED94-4C69-82E4-BC069F4E9FEF}.Release|x86.Build.0 = Release|Any CPU
		{FDE2BDA6-E7B8-4EFD-8B64-57787F9F9524}.Debug|Any CPU.ActiveCfg = Debug|Any CPU
		{FDE2BDA6-E7B8-4EFD-8B64-57787F9F9524}.Debug|Any CPU.Build.0 = Debug|Any CPU
		{FDE2BDA6-E7B8-4EFD-8B64-57787F9F9524}.Debug|ARM.ActiveCfg = Debug|Any CPU
		{FDE2BDA6-E7B8-4EFD-8B64-57787F9F9524}.Debug|ARM.Build.0 = Debug|Any CPU
		{FDE2BDA6-E7B8-4EFD-8B64-57787F9F9524}.Debug|x64.ActiveCfg = Debug|Any CPU
		{FDE2BDA6-E7B8-4EFD-8B64-57787F9F9524}.Debug|x64.Build.0 = Debug|Any CPU
		{FDE2BDA6-E7B8-4EFD-8B64-57787F9F9524}.Debug|x86.ActiveCfg = Debug|Any CPU
		{FDE2BDA6-E7B8-4EFD-8B64-57787F9F9524}.Debug|x86.Build.0 = Debug|Any CPU
		{FDE2BDA6-E7B8-4EFD-8B64-57787F9F9524}.Release|Any CPU.ActiveCfg = Release|Any CPU
		{FDE2BDA6-E7B8-4EFD-8B64-57787F9F9524}.Release|Any CPU.Build.0 = Release|Any CPU
		{FDE2BDA6-E7B8-4EFD-8B64-57787F9F9524}.Release|ARM.ActiveCfg = Release|Any CPU
		{FDE2BDA6-E7B8-4EFD-8B64-57787F9F9524}.Release|ARM.Build.0 = Release|Any CPU
		{FDE2BDA6-E7B8-4EFD-8B64-57787F9F9524}.Release|x64.ActiveCfg = Release|Any CPU
		{FDE2BDA6-E7B8-4EFD-8B64-57787F9F9524}.Release|x64.Build.0 = Release|Any CPU
		{FDE2BDA6-E7B8-4EFD-8B64-57787F9F9524}.Release|x86.ActiveCfg = Release|Any CPU
		{FDE2BDA6-E7B8-4EFD-8B64-57787F9F9524}.Release|x86.Build.0 = Release|Any CPU
		{6F0CC519-5524-4D4D-B03D-0565B42ADB0F}.Debug|Any CPU.ActiveCfg = Debug|Any CPU
		{6F0CC519-5524-4D4D-B03D-0565B42ADB0F}.Debug|Any CPU.Build.0 = Debug|Any CPU
		{6F0CC519-5524-4D4D-B03D-0565B42ADB0F}.Debug|ARM.ActiveCfg = Debug|Any CPU
		{6F0CC519-5524-4D4D-B03D-0565B42ADB0F}.Debug|ARM.Build.0 = Debug|Any CPU
		{6F0CC519-5524-4D4D-B03D-0565B42ADB0F}.Debug|x64.ActiveCfg = Debug|Any CPU
		{6F0CC519-5524-4D4D-B03D-0565B42ADB0F}.Debug|x64.Build.0 = Debug|Any CPU
		{6F0CC519-5524-4D4D-B03D-0565B42ADB0F}.Debug|x86.ActiveCfg = Debug|Any CPU
		{6F0CC519-5524-4D4D-B03D-0565B42ADB0F}.Debug|x86.Build.0 = Debug|Any CPU
		{6F0CC519-5524-4D4D-B03D-0565B42ADB0F}.Release|Any CPU.ActiveCfg = Release|Any CPU
		{6F0CC519-5524-4D4D-B03D-0565B42ADB0F}.Release|Any CPU.Build.0 = Release|Any CPU
		{6F0CC519-5524-4D4D-B03D-0565B42ADB0F}.Release|ARM.ActiveCfg = Release|Any CPU
		{6F0CC519-5524-4D4D-B03D-0565B42ADB0F}.Release|ARM.Build.0 = Release|Any CPU
		{6F0CC519-5524-4D4D-B03D-0565B42ADB0F}.Release|x64.ActiveCfg = Release|Any CPU
		{6F0CC519-5524-4D4D-B03D-0565B42ADB0F}.Release|x64.Build.0 = Release|Any CPU
		{6F0CC519-5524-4D4D-B03D-0565B42ADB0F}.Release|x86.ActiveCfg = Release|Any CPU
		{6F0CC519-5524-4D4D-B03D-0565B42ADB0F}.Release|x86.Build.0 = Release|Any CPU
		{B1FE45BF-FE59-4BFE-B2B3-1C30AD07ACA2}.Debug|Any CPU.ActiveCfg = Debug|Any CPU
		{B1FE45BF-FE59-4BFE-B2B3-1C30AD07ACA2}.Debug|Any CPU.Build.0 = Debug|Any CPU
		{B1FE45BF-FE59-4BFE-B2B3-1C30AD07ACA2}.Debug|ARM.ActiveCfg = Debug|Any CPU
		{B1FE45BF-FE59-4BFE-B2B3-1C30AD07ACA2}.Debug|ARM.Build.0 = Debug|Any CPU
		{B1FE45BF-FE59-4BFE-B2B3-1C30AD07ACA2}.Debug|x64.ActiveCfg = Debug|Any CPU
		{B1FE45BF-FE59-4BFE-B2B3-1C30AD07ACA2}.Debug|x64.Build.0 = Debug|Any CPU
		{B1FE45BF-FE59-4BFE-B2B3-1C30AD07ACA2}.Debug|x86.ActiveCfg = Debug|Any CPU
		{B1FE45BF-FE59-4BFE-B2B3-1C30AD07ACA2}.Debug|x86.Build.0 = Debug|Any CPU
		{B1FE45BF-FE59-4BFE-B2B3-1C30AD07ACA2}.Release|Any CPU.ActiveCfg = Release|Any CPU
		{B1FE45BF-FE59-4BFE-B2B3-1C30AD07ACA2}.Release|Any CPU.Build.0 = Release|Any CPU
		{B1FE45BF-FE59-4BFE-B2B3-1C30AD07ACA2}.Release|ARM.ActiveCfg = Release|Any CPU
		{B1FE45BF-FE59-4BFE-B2B3-1C30AD07ACA2}.Release|ARM.Build.0 = Release|Any CPU
		{B1FE45BF-FE59-4BFE-B2B3-1C30AD07ACA2}.Release|x64.ActiveCfg = Release|Any CPU
		{B1FE45BF-FE59-4BFE-B2B3-1C30AD07ACA2}.Release|x64.Build.0 = Release|Any CPU
		{B1FE45BF-FE59-4BFE-B2B3-1C30AD07ACA2}.Release|x86.ActiveCfg = Release|Any CPU
		{B1FE45BF-FE59-4BFE-B2B3-1C30AD07ACA2}.Release|x86.Build.0 = Release|Any CPU
		{20FE28FA-6FEF-4FC7-9457-794A4D9459DB}.Debug|Any CPU.ActiveCfg = Debug|Any CPU
		{20FE28FA-6FEF-4FC7-9457-794A4D9459DB}.Debug|Any CPU.Build.0 = Debug|Any CPU
		{20FE28FA-6FEF-4FC7-9457-794A4D9459DB}.Debug|ARM.ActiveCfg = Debug|Any CPU
		{20FE28FA-6FEF-4FC7-9457-794A4D9459DB}.Debug|ARM.Build.0 = Debug|Any CPU
		{20FE28FA-6FEF-4FC7-9457-794A4D9459DB}.Debug|x64.ActiveCfg = Debug|Any CPU
		{20FE28FA-6FEF-4FC7-9457-794A4D9459DB}.Debug|x64.Build.0 = Debug|Any CPU
		{20FE28FA-6FEF-4FC7-9457-794A4D9459DB}.Debug|x86.ActiveCfg = Debug|Any CPU
		{20FE28FA-6FEF-4FC7-9457-794A4D9459DB}.Debug|x86.Build.0 = Debug|Any CPU
		{20FE28FA-6FEF-4FC7-9457-794A4D9459DB}.Release|Any CPU.ActiveCfg = Release|Any CPU
		{20FE28FA-6FEF-4FC7-9457-794A4D9459DB}.Release|Any CPU.Build.0 = Release|Any CPU
		{20FE28FA-6FEF-4FC7-9457-794A4D9459DB}.Release|ARM.ActiveCfg = Release|Any CPU
		{20FE28FA-6FEF-4FC7-9457-794A4D9459DB}.Release|ARM.Build.0 = Release|Any CPU
		{20FE28FA-6FEF-4FC7-9457-794A4D9459DB}.Release|x64.ActiveCfg = Release|Any CPU
		{20FE28FA-6FEF-4FC7-9457-794A4D9459DB}.Release|x64.Build.0 = Release|Any CPU
		{20FE28FA-6FEF-4FC7-9457-794A4D9459DB}.Release|x86.ActiveCfg = Release|Any CPU
		{20FE28FA-6FEF-4FC7-9457-794A4D9459DB}.Release|x86.Build.0 = Release|Any CPU
		{4B3045EC-EFD0-4F7A-8D52-8949196DADD2}.Debug|Any CPU.ActiveCfg = Debug|Any CPU
		{4B3045EC-EFD0-4F7A-8D52-8949196DADD2}.Debug|Any CPU.Build.0 = Debug|Any CPU
		{4B3045EC-EFD0-4F7A-8D52-8949196DADD2}.Debug|ARM.ActiveCfg = Debug|Any CPU
		{4B3045EC-EFD0-4F7A-8D52-8949196DADD2}.Debug|ARM.Build.0 = Debug|Any CPU
		{4B3045EC-EFD0-4F7A-8D52-8949196DADD2}.Debug|x64.ActiveCfg = Debug|Any CPU
		{4B3045EC-EFD0-4F7A-8D52-8949196DADD2}.Debug|x64.Build.0 = Debug|Any CPU
		{4B3045EC-EFD0-4F7A-8D52-8949196DADD2}.Debug|x86.ActiveCfg = Debug|Any CPU
		{4B3045EC-EFD0-4F7A-8D52-8949196DADD2}.Debug|x86.Build.0 = Debug|Any CPU
		{4B3045EC-EFD0-4F7A-8D52-8949196DADD2}.Release|Any CPU.ActiveCfg = Release|Any CPU
		{4B3045EC-EFD0-4F7A-8D52-8949196DADD2}.Release|Any CPU.Build.0 = Release|Any CPU
		{4B3045EC-EFD0-4F7A-8D52-8949196DADD2}.Release|ARM.ActiveCfg = Release|Any CPU
		{4B3045EC-EFD0-4F7A-8D52-8949196DADD2}.Release|ARM.Build.0 = Release|Any CPU
		{4B3045EC-EFD0-4F7A-8D52-8949196DADD2}.Release|x64.ActiveCfg = Release|Any CPU
		{4B3045EC-EFD0-4F7A-8D52-8949196DADD2}.Release|x64.Build.0 = Release|Any CPU
		{4B3045EC-EFD0-4F7A-8D52-8949196DADD2}.Release|x86.ActiveCfg = Release|Any CPU
		{4B3045EC-EFD0-4F7A-8D52-8949196DADD2}.Release|x86.Build.0 = Release|Any CPU
		{69FBEC4A-D91D-4B5C-8CF8-AB77020E7461}.Debug|Any CPU.ActiveCfg = Debug|Any CPU
		{69FBEC4A-D91D-4B5C-8CF8-AB77020E7461}.Debug|Any CPU.Build.0 = Debug|Any CPU
		{69FBEC4A-D91D-4B5C-8CF8-AB77020E7461}.Debug|ARM.ActiveCfg = Debug|Any CPU
		{69FBEC4A-D91D-4B5C-8CF8-AB77020E7461}.Debug|ARM.Build.0 = Debug|Any CPU
		{69FBEC4A-D91D-4B5C-8CF8-AB77020E7461}.Debug|x64.ActiveCfg = Debug|Any CPU
		{69FBEC4A-D91D-4B5C-8CF8-AB77020E7461}.Debug|x64.Build.0 = Debug|Any CPU
		{69FBEC4A-D91D-4B5C-8CF8-AB77020E7461}.Debug|x86.ActiveCfg = Debug|Any CPU
		{69FBEC4A-D91D-4B5C-8CF8-AB77020E7461}.Debug|x86.Build.0 = Debug|Any CPU
		{69FBEC4A-D91D-4B5C-8CF8-AB77020E7461}.Release|Any CPU.ActiveCfg = Release|Any CPU
		{69FBEC4A-D91D-4B5C-8CF8-AB77020E7461}.Release|Any CPU.Build.0 = Release|Any CPU
		{69FBEC4A-D91D-4B5C-8CF8-AB77020E7461}.Release|ARM.ActiveCfg = Release|Any CPU
		{69FBEC4A-D91D-4B5C-8CF8-AB77020E7461}.Release|ARM.Build.0 = Release|Any CPU
		{69FBEC4A-D91D-4B5C-8CF8-AB77020E7461}.Release|x64.ActiveCfg = Release|Any CPU
		{69FBEC4A-D91D-4B5C-8CF8-AB77020E7461}.Release|x64.Build.0 = Release|Any CPU
		{69FBEC4A-D91D-4B5C-8CF8-AB77020E7461}.Release|x86.ActiveCfg = Release|Any CPU
		{69FBEC4A-D91D-4B5C-8CF8-AB77020E7461}.Release|x86.Build.0 = Release|Any CPU
		{D940A038-DA2C-4899-8E9D-E78B8DC5ED9E}.Debug|Any CPU.ActiveCfg = Debug|Any CPU
		{D940A038-DA2C-4899-8E9D-E78B8DC5ED9E}.Debug|Any CPU.Build.0 = Debug|Any CPU
		{D940A038-DA2C-4899-8E9D-E78B8DC5ED9E}.Debug|ARM.ActiveCfg = Debug|Any CPU
		{D940A038-DA2C-4899-8E9D-E78B8DC5ED9E}.Debug|ARM.Build.0 = Debug|Any CPU
		{D940A038-DA2C-4899-8E9D-E78B8DC5ED9E}.Debug|x64.ActiveCfg = Debug|Any CPU
		{D940A038-DA2C-4899-8E9D-E78B8DC5ED9E}.Debug|x64.Build.0 = Debug|Any CPU
		{D940A038-DA2C-4899-8E9D-E78B8DC5ED9E}.Debug|x86.ActiveCfg = Debug|Any CPU
		{D940A038-DA2C-4899-8E9D-E78B8DC5ED9E}.Debug|x86.Build.0 = Debug|Any CPU
		{D940A038-DA2C-4899-8E9D-E78B8DC5ED9E}.Release|Any CPU.ActiveCfg = Release|Any CPU
		{D940A038-DA2C-4899-8E9D-E78B8DC5ED9E}.Release|Any CPU.Build.0 = Release|Any CPU
		{D940A038-DA2C-4899-8E9D-E78B8DC5ED9E}.Release|ARM.ActiveCfg = Release|Any CPU
		{D940A038-DA2C-4899-8E9D-E78B8DC5ED9E}.Release|ARM.Build.0 = Release|Any CPU
		{D940A038-DA2C-4899-8E9D-E78B8DC5ED9E}.Release|x64.ActiveCfg = Release|Any CPU
		{D940A038-DA2C-4899-8E9D-E78B8DC5ED9E}.Release|x64.Build.0 = Release|Any CPU
		{D940A038-DA2C-4899-8E9D-E78B8DC5ED9E}.Release|x86.ActiveCfg = Release|Any CPU
		{D940A038-DA2C-4899-8E9D-E78B8DC5ED9E}.Release|x86.Build.0 = Release|Any CPU
		{0433D1D1-D391-41F0-959F-6AFF76299D31}.Debug|Any CPU.ActiveCfg = Debug|Any CPU
		{0433D1D1-D391-41F0-959F-6AFF76299D31}.Debug|Any CPU.Build.0 = Debug|Any CPU
		{0433D1D1-D391-41F0-959F-6AFF76299D31}.Debug|ARM.ActiveCfg = Debug|Any CPU
		{0433D1D1-D391-41F0-959F-6AFF76299D31}.Debug|ARM.Build.0 = Debug|Any CPU
		{0433D1D1-D391-41F0-959F-6AFF76299D31}.Debug|x64.ActiveCfg = Debug|Any CPU
		{0433D1D1-D391-41F0-959F-6AFF76299D31}.Debug|x64.Build.0 = Debug|Any CPU
		{0433D1D1-D391-41F0-959F-6AFF76299D31}.Debug|x86.ActiveCfg = Debug|Any CPU
		{0433D1D1-D391-41F0-959F-6AFF76299D31}.Debug|x86.Build.0 = Debug|Any CPU
		{0433D1D1-D391-41F0-959F-6AFF76299D31}.Release|Any CPU.ActiveCfg = Release|Any CPU
		{0433D1D1-D391-41F0-959F-6AFF76299D31}.Release|Any CPU.Build.0 = Release|Any CPU
		{0433D1D1-D391-41F0-959F-6AFF76299D31}.Release|ARM.ActiveCfg = Release|Any CPU
		{0433D1D1-D391-41F0-959F-6AFF76299D31}.Release|ARM.Build.0 = Release|Any CPU
		{0433D1D1-D391-41F0-959F-6AFF76299D31}.Release|x64.ActiveCfg = Release|Any CPU
		{0433D1D1-D391-41F0-959F-6AFF76299D31}.Release|x64.Build.0 = Release|Any CPU
		{0433D1D1-D391-41F0-959F-6AFF76299D31}.Release|x86.ActiveCfg = Release|Any CPU
		{0433D1D1-D391-41F0-959F-6AFF76299D31}.Release|x86.Build.0 = Release|Any CPU
		{1D2F9188-66AC-47CC-A9DC-0BD3586A4309}.Debug|Any CPU.ActiveCfg = Debug|Any CPU
		{1D2F9188-66AC-47CC-A9DC-0BD3586A4309}.Debug|Any CPU.Build.0 = Debug|Any CPU
		{1D2F9188-66AC-47CC-A9DC-0BD3586A4309}.Debug|ARM.ActiveCfg = Debug|Any CPU
		{1D2F9188-66AC-47CC-A9DC-0BD3586A4309}.Debug|ARM.Build.0 = Debug|Any CPU
		{1D2F9188-66AC-47CC-A9DC-0BD3586A4309}.Debug|x64.ActiveCfg = Debug|Any CPU
		{1D2F9188-66AC-47CC-A9DC-0BD3586A4309}.Debug|x64.Build.0 = Debug|Any CPU
		{1D2F9188-66AC-47CC-A9DC-0BD3586A4309}.Debug|x86.ActiveCfg = Debug|Any CPU
		{1D2F9188-66AC-47CC-A9DC-0BD3586A4309}.Debug|x86.Build.0 = Debug|Any CPU
		{1D2F9188-66AC-47CC-A9DC-0BD3586A4309}.Release|Any CPU.ActiveCfg = Release|Any CPU
		{1D2F9188-66AC-47CC-A9DC-0BD3586A4309}.Release|Any CPU.Build.0 = Release|Any CPU
		{1D2F9188-66AC-47CC-A9DC-0BD3586A4309}.Release|ARM.ActiveCfg = Release|Any CPU
		{1D2F9188-66AC-47CC-A9DC-0BD3586A4309}.Release|ARM.Build.0 = Release|Any CPU
		{1D2F9188-66AC-47CC-A9DC-0BD3586A4309}.Release|x64.ActiveCfg = Release|Any CPU
		{1D2F9188-66AC-47CC-A9DC-0BD3586A4309}.Release|x64.Build.0 = Release|Any CPU
		{1D2F9188-66AC-47CC-A9DC-0BD3586A4309}.Release|x86.ActiveCfg = Release|Any CPU
		{1D2F9188-66AC-47CC-A9DC-0BD3586A4309}.Release|x86.Build.0 = Release|Any CPU
		{62326CFA-48F8-4B69-9ECF-69456C627FE6}.Debug|Any CPU.ActiveCfg = Debug|Any CPU
		{62326CFA-48F8-4B69-9ECF-69456C627FE6}.Debug|Any CPU.Build.0 = Debug|Any CPU
		{62326CFA-48F8-4B69-9ECF-69456C627FE6}.Debug|ARM.ActiveCfg = Debug|Any CPU
		{62326CFA-48F8-4B69-9ECF-69456C627FE6}.Debug|ARM.Build.0 = Debug|Any CPU
		{62326CFA-48F8-4B69-9ECF-69456C627FE6}.Debug|x64.ActiveCfg = Debug|Any CPU
		{62326CFA-48F8-4B69-9ECF-69456C627FE6}.Debug|x64.Build.0 = Debug|Any CPU
		{62326CFA-48F8-4B69-9ECF-69456C627FE6}.Debug|x86.ActiveCfg = Debug|Any CPU
		{62326CFA-48F8-4B69-9ECF-69456C627FE6}.Debug|x86.Build.0 = Debug|Any CPU
		{62326CFA-48F8-4B69-9ECF-69456C627FE6}.Release|Any CPU.ActiveCfg = Release|Any CPU
		{62326CFA-48F8-4B69-9ECF-69456C627FE6}.Release|Any CPU.Build.0 = Release|Any CPU
		{62326CFA-48F8-4B69-9ECF-69456C627FE6}.Release|ARM.ActiveCfg = Release|Any CPU
		{62326CFA-48F8-4B69-9ECF-69456C627FE6}.Release|ARM.Build.0 = Release|Any CPU
		{62326CFA-48F8-4B69-9ECF-69456C627FE6}.Release|x64.ActiveCfg = Release|Any CPU
		{62326CFA-48F8-4B69-9ECF-69456C627FE6}.Release|x64.Build.0 = Release|Any CPU
		{62326CFA-48F8-4B69-9ECF-69456C627FE6}.Release|x86.ActiveCfg = Release|Any CPU
		{62326CFA-48F8-4B69-9ECF-69456C627FE6}.Release|x86.Build.0 = Release|Any CPU
		{B7498437-86ED-45D9-BFD3-355717F226F4}.Debug|Any CPU.ActiveCfg = Debug|Any CPU
		{B7498437-86ED-45D9-BFD3-355717F226F4}.Debug|Any CPU.Build.0 = Debug|Any CPU
		{B7498437-86ED-45D9-BFD3-355717F226F4}.Debug|ARM.ActiveCfg = Debug|Any CPU
		{B7498437-86ED-45D9-BFD3-355717F226F4}.Debug|ARM.Build.0 = Debug|Any CPU
		{B7498437-86ED-45D9-BFD3-355717F226F4}.Debug|x64.ActiveCfg = Debug|Any CPU
		{B7498437-86ED-45D9-BFD3-355717F226F4}.Debug|x64.Build.0 = Debug|Any CPU
		{B7498437-86ED-45D9-BFD3-355717F226F4}.Debug|x86.ActiveCfg = Debug|Any CPU
		{B7498437-86ED-45D9-BFD3-355717F226F4}.Debug|x86.Build.0 = Debug|Any CPU
		{B7498437-86ED-45D9-BFD3-355717F226F4}.Release|Any CPU.ActiveCfg = Release|Any CPU
		{B7498437-86ED-45D9-BFD3-355717F226F4}.Release|Any CPU.Build.0 = Release|Any CPU
		{B7498437-86ED-45D9-BFD3-355717F226F4}.Release|ARM.ActiveCfg = Release|Any CPU
		{B7498437-86ED-45D9-BFD3-355717F226F4}.Release|ARM.Build.0 = Release|Any CPU
		{B7498437-86ED-45D9-BFD3-355717F226F4}.Release|x64.ActiveCfg = Release|Any CPU
		{B7498437-86ED-45D9-BFD3-355717F226F4}.Release|x64.Build.0 = Release|Any CPU
		{B7498437-86ED-45D9-BFD3-355717F226F4}.Release|x86.ActiveCfg = Release|Any CPU
		{B7498437-86ED-45D9-BFD3-355717F226F4}.Release|x86.Build.0 = Release|Any CPU
		{B30F585B-37CC-4117-9480-A533B3AB40BF}.Debug|Any CPU.ActiveCfg = Debug|Any CPU
		{B30F585B-37CC-4117-9480-A533B3AB40BF}.Debug|Any CPU.Build.0 = Debug|Any CPU
		{B30F585B-37CC-4117-9480-A533B3AB40BF}.Debug|ARM.ActiveCfg = Debug|Any CPU
		{B30F585B-37CC-4117-9480-A533B3AB40BF}.Debug|ARM.Build.0 = Debug|Any CPU
		{B30F585B-37CC-4117-9480-A533B3AB40BF}.Debug|x64.ActiveCfg = Debug|Any CPU
		{B30F585B-37CC-4117-9480-A533B3AB40BF}.Debug|x64.Build.0 = Debug|Any CPU
		{B30F585B-37CC-4117-9480-A533B3AB40BF}.Debug|x86.ActiveCfg = Debug|Any CPU
		{B30F585B-37CC-4117-9480-A533B3AB40BF}.Debug|x86.Build.0 = Debug|Any CPU
		{B30F585B-37CC-4117-9480-A533B3AB40BF}.Release|Any CPU.ActiveCfg = Release|Any CPU
		{B30F585B-37CC-4117-9480-A533B3AB40BF}.Release|Any CPU.Build.0 = Release|Any CPU
		{B30F585B-37CC-4117-9480-A533B3AB40BF}.Release|ARM.ActiveCfg = Release|Any CPU
		{B30F585B-37CC-4117-9480-A533B3AB40BF}.Release|ARM.Build.0 = Release|Any CPU
		{B30F585B-37CC-4117-9480-A533B3AB40BF}.Release|x64.ActiveCfg = Release|Any CPU
		{B30F585B-37CC-4117-9480-A533B3AB40BF}.Release|x64.Build.0 = Release|Any CPU
		{B30F585B-37CC-4117-9480-A533B3AB40BF}.Release|x86.ActiveCfg = Release|Any CPU
		{B30F585B-37CC-4117-9480-A533B3AB40BF}.Release|x86.Build.0 = Release|Any CPU
		{C0C988AF-899F-46B2-950E-DE4053F8B5D5}.Debug|Any CPU.ActiveCfg = Debug|x86
		{C0C988AF-899F-46B2-950E-DE4053F8B5D5}.Debug|ARM.ActiveCfg = Debug|ARM
		{C0C988AF-899F-46B2-950E-DE4053F8B5D5}.Debug|ARM.Build.0 = Debug|ARM
		{C0C988AF-899F-46B2-950E-DE4053F8B5D5}.Debug|ARM.Deploy.0 = Debug|ARM
		{C0C988AF-899F-46B2-950E-DE4053F8B5D5}.Debug|x64.ActiveCfg = Debug|x64
		{C0C988AF-899F-46B2-950E-DE4053F8B5D5}.Debug|x64.Build.0 = Debug|x64
		{C0C988AF-899F-46B2-950E-DE4053F8B5D5}.Debug|x64.Deploy.0 = Debug|x64
		{C0C988AF-899F-46B2-950E-DE4053F8B5D5}.Debug|x86.ActiveCfg = Debug|x86
		{C0C988AF-899F-46B2-950E-DE4053F8B5D5}.Debug|x86.Build.0 = Debug|x86
		{C0C988AF-899F-46B2-950E-DE4053F8B5D5}.Debug|x86.Deploy.0 = Debug|x86
		{C0C988AF-899F-46B2-950E-DE4053F8B5D5}.Release|Any CPU.ActiveCfg = Release|x86
		{C0C988AF-899F-46B2-950E-DE4053F8B5D5}.Release|ARM.ActiveCfg = Release|ARM
		{C0C988AF-899F-46B2-950E-DE4053F8B5D5}.Release|ARM.Build.0 = Release|ARM
		{C0C988AF-899F-46B2-950E-DE4053F8B5D5}.Release|ARM.Deploy.0 = Release|ARM
		{C0C988AF-899F-46B2-950E-DE4053F8B5D5}.Release|x64.ActiveCfg = Release|x64
		{C0C988AF-899F-46B2-950E-DE4053F8B5D5}.Release|x64.Build.0 = Release|x64
		{C0C988AF-899F-46B2-950E-DE4053F8B5D5}.Release|x64.Deploy.0 = Release|x64
		{C0C988AF-899F-46B2-950E-DE4053F8B5D5}.Release|x86.ActiveCfg = Release|x86
		{C0C988AF-899F-46B2-950E-DE4053F8B5D5}.Release|x86.Build.0 = Release|x86
		{C0C988AF-899F-46B2-950E-DE4053F8B5D5}.Release|x86.Deploy.0 = Release|x86
		{FD040F09-40C6-4157-888C-7A0246FE022D}.Debug|Any CPU.ActiveCfg = Debug|Any CPU
		{FD040F09-40C6-4157-888C-7A0246FE022D}.Debug|Any CPU.Build.0 = Debug|Any CPU
		{FD040F09-40C6-4157-888C-7A0246FE022D}.Debug|ARM.ActiveCfg = Debug|Any CPU
		{FD040F09-40C6-4157-888C-7A0246FE022D}.Debug|ARM.Build.0 = Debug|Any CPU
		{FD040F09-40C6-4157-888C-7A0246FE022D}.Debug|x64.ActiveCfg = Debug|Any CPU
		{FD040F09-40C6-4157-888C-7A0246FE022D}.Debug|x64.Build.0 = Debug|Any CPU
		{FD040F09-40C6-4157-888C-7A0246FE022D}.Debug|x86.ActiveCfg = Debug|Any CPU
		{FD040F09-40C6-4157-888C-7A0246FE022D}.Debug|x86.Build.0 = Debug|Any CPU
		{FD040F09-40C6-4157-888C-7A0246FE022D}.Release|Any CPU.ActiveCfg = Release|Any CPU
		{FD040F09-40C6-4157-888C-7A0246FE022D}.Release|Any CPU.Build.0 = Release|Any CPU
		{FD040F09-40C6-4157-888C-7A0246FE022D}.Release|ARM.ActiveCfg = Release|Any CPU
		{FD040F09-40C6-4157-888C-7A0246FE022D}.Release|ARM.Build.0 = Release|Any CPU
		{FD040F09-40C6-4157-888C-7A0246FE022D}.Release|x64.ActiveCfg = Release|Any CPU
		{FD040F09-40C6-4157-888C-7A0246FE022D}.Release|x64.Build.0 = Release|Any CPU
		{FD040F09-40C6-4157-888C-7A0246FE022D}.Release|x86.ActiveCfg = Release|Any CPU
		{FD040F09-40C6-4157-888C-7A0246FE022D}.Release|x86.Build.0 = Release|Any CPU
		{8D74A4EA-7FAF-4ACC-B0BC-5B399E234B85}.Debug|Any CPU.ActiveCfg = Debug|Any CPU
		{8D74A4EA-7FAF-4ACC-B0BC-5B399E234B85}.Debug|Any CPU.Build.0 = Debug|Any CPU
		{8D74A4EA-7FAF-4ACC-B0BC-5B399E234B85}.Debug|ARM.ActiveCfg = Debug|Any CPU
		{8D74A4EA-7FAF-4ACC-B0BC-5B399E234B85}.Debug|ARM.Build.0 = Debug|Any CPU
		{8D74A4EA-7FAF-4ACC-B0BC-5B399E234B85}.Debug|x64.ActiveCfg = Debug|Any CPU
		{8D74A4EA-7FAF-4ACC-B0BC-5B399E234B85}.Debug|x64.Build.0 = Debug|Any CPU
		{8D74A4EA-7FAF-4ACC-B0BC-5B399E234B85}.Debug|x86.ActiveCfg = Debug|Any CPU
		{8D74A4EA-7FAF-4ACC-B0BC-5B399E234B85}.Debug|x86.Build.0 = Debug|Any CPU
		{8D74A4EA-7FAF-4ACC-B0BC-5B399E234B85}.Release|Any CPU.ActiveCfg = Release|Any CPU
		{8D74A4EA-7FAF-4ACC-B0BC-5B399E234B85}.Release|Any CPU.Build.0 = Release|Any CPU
		{8D74A4EA-7FAF-4ACC-B0BC-5B399E234B85}.Release|ARM.ActiveCfg = Release|Any CPU
		{8D74A4EA-7FAF-4ACC-B0BC-5B399E234B85}.Release|ARM.Build.0 = Release|Any CPU
		{8D74A4EA-7FAF-4ACC-B0BC-5B399E234B85}.Release|x64.ActiveCfg = Release|Any CPU
		{8D74A4EA-7FAF-4ACC-B0BC-5B399E234B85}.Release|x64.Build.0 = Release|Any CPU
		{8D74A4EA-7FAF-4ACC-B0BC-5B399E234B85}.Release|x86.ActiveCfg = Release|Any CPU
		{8D74A4EA-7FAF-4ACC-B0BC-5B399E234B85}.Release|x86.Build.0 = Release|Any CPU
		{5482C275-4DDB-4136-AA5D-C804A01152BA}.Debug|Any CPU.ActiveCfg = Debug|Any CPU
		{5482C275-4DDB-4136-AA5D-C804A01152BA}.Debug|Any CPU.Build.0 = Debug|Any CPU
		{5482C275-4DDB-4136-AA5D-C804A01152BA}.Debug|ARM.ActiveCfg = Debug|Any CPU
		{5482C275-4DDB-4136-AA5D-C804A01152BA}.Debug|ARM.Build.0 = Debug|Any CPU
		{5482C275-4DDB-4136-AA5D-C804A01152BA}.Debug|x64.ActiveCfg = Debug|Any CPU
		{5482C275-4DDB-4136-AA5D-C804A01152BA}.Debug|x64.Build.0 = Debug|Any CPU
		{5482C275-4DDB-4136-AA5D-C804A01152BA}.Debug|x86.ActiveCfg = Debug|Any CPU
		{5482C275-4DDB-4136-AA5D-C804A01152BA}.Debug|x86.Build.0 = Debug|Any CPU
		{5482C275-4DDB-4136-AA5D-C804A01152BA}.Release|Any CPU.ActiveCfg = Release|Any CPU
		{5482C275-4DDB-4136-AA5D-C804A01152BA}.Release|Any CPU.Build.0 = Release|Any CPU
		{5482C275-4DDB-4136-AA5D-C804A01152BA}.Release|ARM.ActiveCfg = Release|Any CPU
		{5482C275-4DDB-4136-AA5D-C804A01152BA}.Release|ARM.Build.0 = Release|Any CPU
		{5482C275-4DDB-4136-AA5D-C804A01152BA}.Release|x64.ActiveCfg = Release|Any CPU
		{5482C275-4DDB-4136-AA5D-C804A01152BA}.Release|x64.Build.0 = Release|Any CPU
		{5482C275-4DDB-4136-AA5D-C804A01152BA}.Release|x86.ActiveCfg = Release|Any CPU
		{5482C275-4DDB-4136-AA5D-C804A01152BA}.Release|x86.Build.0 = Release|Any CPU
		{6AF8CE5C-F3E4-4652-A9A7-4DF9EAC6A061}.Debug|Any CPU.ActiveCfg = Debug|Any CPU
		{6AF8CE5C-F3E4-4652-A9A7-4DF9EAC6A061}.Debug|Any CPU.Build.0 = Debug|Any CPU
		{6AF8CE5C-F3E4-4652-A9A7-4DF9EAC6A061}.Debug|ARM.ActiveCfg = Debug|Any CPU
		{6AF8CE5C-F3E4-4652-A9A7-4DF9EAC6A061}.Debug|ARM.Build.0 = Debug|Any CPU
		{6AF8CE5C-F3E4-4652-A9A7-4DF9EAC6A061}.Debug|x64.ActiveCfg = Debug|Any CPU
		{6AF8CE5C-F3E4-4652-A9A7-4DF9EAC6A061}.Debug|x64.Build.0 = Debug|Any CPU
		{6AF8CE5C-F3E4-4652-A9A7-4DF9EAC6A061}.Debug|x86.ActiveCfg = Debug|Any CPU
		{6AF8CE5C-F3E4-4652-A9A7-4DF9EAC6A061}.Debug|x86.Build.0 = Debug|Any CPU
		{6AF8CE5C-F3E4-4652-A9A7-4DF9EAC6A061}.Release|Any CPU.ActiveCfg = Release|Any CPU
		{6AF8CE5C-F3E4-4652-A9A7-4DF9EAC6A061}.Release|Any CPU.Build.0 = Release|Any CPU
		{6AF8CE5C-F3E4-4652-A9A7-4DF9EAC6A061}.Release|ARM.ActiveCfg = Release|Any CPU
		{6AF8CE5C-F3E4-4652-A9A7-4DF9EAC6A061}.Release|ARM.Build.0 = Release|Any CPU
		{6AF8CE5C-F3E4-4652-A9A7-4DF9EAC6A061}.Release|x64.ActiveCfg = Release|Any CPU
		{6AF8CE5C-F3E4-4652-A9A7-4DF9EAC6A061}.Release|x64.Build.0 = Release|Any CPU
		{6AF8CE5C-F3E4-4652-A9A7-4DF9EAC6A061}.Release|x86.ActiveCfg = Release|Any CPU
		{6AF8CE5C-F3E4-4652-A9A7-4DF9EAC6A061}.Release|x86.Build.0 = Release|Any CPU
		{224F2B9E-A3A2-430D-849F-58BEC6A433B8}.Debug|Any CPU.ActiveCfg = Debug|Any CPU
		{224F2B9E-A3A2-430D-849F-58BEC6A433B8}.Debug|Any CPU.Build.0 = Debug|Any CPU
		{224F2B9E-A3A2-430D-849F-58BEC6A433B8}.Debug|ARM.ActiveCfg = Debug|Any CPU
		{224F2B9E-A3A2-430D-849F-58BEC6A433B8}.Debug|ARM.Build.0 = Debug|Any CPU
		{224F2B9E-A3A2-430D-849F-58BEC6A433B8}.Debug|x64.ActiveCfg = Debug|Any CPU
		{224F2B9E-A3A2-430D-849F-58BEC6A433B8}.Debug|x64.Build.0 = Debug|Any CPU
		{224F2B9E-A3A2-430D-849F-58BEC6A433B8}.Debug|x86.ActiveCfg = Debug|Any CPU
		{224F2B9E-A3A2-430D-849F-58BEC6A433B8}.Debug|x86.Build.0 = Debug|Any CPU
		{224F2B9E-A3A2-430D-849F-58BEC6A433B8}.Release|Any CPU.ActiveCfg = Release|Any CPU
		{224F2B9E-A3A2-430D-849F-58BEC6A433B8}.Release|Any CPU.Build.0 = Release|Any CPU
		{224F2B9E-A3A2-430D-849F-58BEC6A433B8}.Release|ARM.ActiveCfg = Release|Any CPU
		{224F2B9E-A3A2-430D-849F-58BEC6A433B8}.Release|ARM.Build.0 = Release|Any CPU
		{224F2B9E-A3A2-430D-849F-58BEC6A433B8}.Release|x64.ActiveCfg = Release|Any CPU
		{224F2B9E-A3A2-430D-849F-58BEC6A433B8}.Release|x64.Build.0 = Release|Any CPU
		{224F2B9E-A3A2-430D-849F-58BEC6A433B8}.Release|x86.ActiveCfg = Release|Any CPU
		{224F2B9E-A3A2-430D-849F-58BEC6A433B8}.Release|x86.Build.0 = Release|Any CPU
		{9D2FABF3-CDBB-442A-83F8-E00BFDCE164A}.Debug|Any CPU.ActiveCfg = Debug|Any CPU
		{9D2FABF3-CDBB-442A-83F8-E00BFDCE164A}.Debug|Any CPU.Build.0 = Debug|Any CPU
		{9D2FABF3-CDBB-442A-83F8-E00BFDCE164A}.Debug|ARM.ActiveCfg = Debug|Any CPU
		{9D2FABF3-CDBB-442A-83F8-E00BFDCE164A}.Debug|ARM.Build.0 = Debug|Any CPU
		{9D2FABF3-CDBB-442A-83F8-E00BFDCE164A}.Debug|x64.ActiveCfg = Debug|Any CPU
		{9D2FABF3-CDBB-442A-83F8-E00BFDCE164A}.Debug|x64.Build.0 = Debug|Any CPU
		{9D2FABF3-CDBB-442A-83F8-E00BFDCE164A}.Debug|x86.ActiveCfg = Debug|Any CPU
		{9D2FABF3-CDBB-442A-83F8-E00BFDCE164A}.Debug|x86.Build.0 = Debug|Any CPU
		{9D2FABF3-CDBB-442A-83F8-E00BFDCE164A}.Release|Any CPU.ActiveCfg = Release|Any CPU
		{9D2FABF3-CDBB-442A-83F8-E00BFDCE164A}.Release|Any CPU.Build.0 = Release|Any CPU
		{9D2FABF3-CDBB-442A-83F8-E00BFDCE164A}.Release|ARM.ActiveCfg = Release|Any CPU
		{9D2FABF3-CDBB-442A-83F8-E00BFDCE164A}.Release|ARM.Build.0 = Release|Any CPU
		{9D2FABF3-CDBB-442A-83F8-E00BFDCE164A}.Release|x64.ActiveCfg = Release|Any CPU
		{9D2FABF3-CDBB-442A-83F8-E00BFDCE164A}.Release|x64.Build.0 = Release|Any CPU
		{9D2FABF3-CDBB-442A-83F8-E00BFDCE164A}.Release|x86.ActiveCfg = Release|Any CPU
		{9D2FABF3-CDBB-442A-83F8-E00BFDCE164A}.Release|x86.Build.0 = Release|Any CPU
		{615EBFBF-F524-4FB4-92E9-C6886DF03B8B}.Debug|Any CPU.ActiveCfg = Debug|Any CPU
		{615EBFBF-F524-4FB4-92E9-C6886DF03B8B}.Debug|Any CPU.Build.0 = Debug|Any CPU
		{615EBFBF-F524-4FB4-92E9-C6886DF03B8B}.Debug|ARM.ActiveCfg = Debug|Any CPU
		{615EBFBF-F524-4FB4-92E9-C6886DF03B8B}.Debug|ARM.Build.0 = Debug|Any CPU
		{615EBFBF-F524-4FB4-92E9-C6886DF03B8B}.Debug|x64.ActiveCfg = Debug|Any CPU
		{615EBFBF-F524-4FB4-92E9-C6886DF03B8B}.Debug|x64.Build.0 = Debug|Any CPU
		{615EBFBF-F524-4FB4-92E9-C6886DF03B8B}.Debug|x86.ActiveCfg = Debug|Any CPU
		{615EBFBF-F524-4FB4-92E9-C6886DF03B8B}.Debug|x86.Build.0 = Debug|Any CPU
		{615EBFBF-F524-4FB4-92E9-C6886DF03B8B}.Release|Any CPU.ActiveCfg = Release|Any CPU
		{615EBFBF-F524-4FB4-92E9-C6886DF03B8B}.Release|Any CPU.Build.0 = Release|Any CPU
		{615EBFBF-F524-4FB4-92E9-C6886DF03B8B}.Release|ARM.ActiveCfg = Release|Any CPU
		{615EBFBF-F524-4FB4-92E9-C6886DF03B8B}.Release|ARM.Build.0 = Release|Any CPU
		{615EBFBF-F524-4FB4-92E9-C6886DF03B8B}.Release|x64.ActiveCfg = Release|Any CPU
		{615EBFBF-F524-4FB4-92E9-C6886DF03B8B}.Release|x64.Build.0 = Release|Any CPU
		{615EBFBF-F524-4FB4-92E9-C6886DF03B8B}.Release|x86.ActiveCfg = Release|Any CPU
		{615EBFBF-F524-4FB4-92E9-C6886DF03B8B}.Release|x86.Build.0 = Release|Any CPU
		{E6CEED5E-BA12-4CC0-A0D3-84746F3CACE9}.Debug|Any CPU.ActiveCfg = Debug|Any CPU
		{E6CEED5E-BA12-4CC0-A0D3-84746F3CACE9}.Debug|Any CPU.Build.0 = Debug|Any CPU
		{E6CEED5E-BA12-4CC0-A0D3-84746F3CACE9}.Debug|ARM.ActiveCfg = Debug|Any CPU
		{E6CEED5E-BA12-4CC0-A0D3-84746F3CACE9}.Debug|ARM.Build.0 = Debug|Any CPU
		{E6CEED5E-BA12-4CC0-A0D3-84746F3CACE9}.Debug|x64.ActiveCfg = Debug|Any CPU
		{E6CEED5E-BA12-4CC0-A0D3-84746F3CACE9}.Debug|x64.Build.0 = Debug|Any CPU
		{E6CEED5E-BA12-4CC0-A0D3-84746F3CACE9}.Debug|x86.ActiveCfg = Debug|Any CPU
		{E6CEED5E-BA12-4CC0-A0D3-84746F3CACE9}.Debug|x86.Build.0 = Debug|Any CPU
		{E6CEED5E-BA12-4CC0-A0D3-84746F3CACE9}.Release|Any CPU.ActiveCfg = Release|Any CPU
		{E6CEED5E-BA12-4CC0-A0D3-84746F3CACE9}.Release|Any CPU.Build.0 = Release|Any CPU
		{E6CEED5E-BA12-4CC0-A0D3-84746F3CACE9}.Release|ARM.ActiveCfg = Release|Any CPU
		{E6CEED5E-BA12-4CC0-A0D3-84746F3CACE9}.Release|ARM.Build.0 = Release|Any CPU
		{E6CEED5E-BA12-4CC0-A0D3-84746F3CACE9}.Release|x64.ActiveCfg = Release|Any CPU
		{E6CEED5E-BA12-4CC0-A0D3-84746F3CACE9}.Release|x64.Build.0 = Release|Any CPU
		{E6CEED5E-BA12-4CC0-A0D3-84746F3CACE9}.Release|x86.ActiveCfg = Release|Any CPU
		{E6CEED5E-BA12-4CC0-A0D3-84746F3CACE9}.Release|x86.Build.0 = Release|Any CPU
		{B0B740E4-0D62-4515-B55F-42B0C6C0DE4C}.Debug|Any CPU.ActiveCfg = Debug|Any CPU
		{B0B740E4-0D62-4515-B55F-42B0C6C0DE4C}.Debug|Any CPU.Build.0 = Debug|Any CPU
		{B0B740E4-0D62-4515-B55F-42B0C6C0DE4C}.Debug|ARM.ActiveCfg = Debug|Any CPU
		{B0B740E4-0D62-4515-B55F-42B0C6C0DE4C}.Debug|ARM.Build.0 = Debug|Any CPU
		{B0B740E4-0D62-4515-B55F-42B0C6C0DE4C}.Debug|x64.ActiveCfg = Debug|Any CPU
		{B0B740E4-0D62-4515-B55F-42B0C6C0DE4C}.Debug|x64.Build.0 = Debug|Any CPU
		{B0B740E4-0D62-4515-B55F-42B0C6C0DE4C}.Debug|x86.ActiveCfg = Debug|Any CPU
		{B0B740E4-0D62-4515-B55F-42B0C6C0DE4C}.Debug|x86.Build.0 = Debug|Any CPU
		{B0B740E4-0D62-4515-B55F-42B0C6C0DE4C}.Release|Any CPU.ActiveCfg = Release|Any CPU
		{B0B740E4-0D62-4515-B55F-42B0C6C0DE4C}.Release|Any CPU.Build.0 = Release|Any CPU
		{B0B740E4-0D62-4515-B55F-42B0C6C0DE4C}.Release|ARM.ActiveCfg = Release|Any CPU
		{B0B740E4-0D62-4515-B55F-42B0C6C0DE4C}.Release|ARM.Build.0 = Release|Any CPU
		{B0B740E4-0D62-4515-B55F-42B0C6C0DE4C}.Release|x64.ActiveCfg = Release|Any CPU
		{B0B740E4-0D62-4515-B55F-42B0C6C0DE4C}.Release|x64.Build.0 = Release|Any CPU
		{B0B740E4-0D62-4515-B55F-42B0C6C0DE4C}.Release|x86.ActiveCfg = Release|Any CPU
		{B0B740E4-0D62-4515-B55F-42B0C6C0DE4C}.Release|x86.Build.0 = Release|Any CPU
		{B46364F6-247C-44D5-8A20-09724A3482B8}.Debug|Any CPU.ActiveCfg = Debug|Any CPU
		{B46364F6-247C-44D5-8A20-09724A3482B8}.Debug|Any CPU.Build.0 = Debug|Any CPU
		{B46364F6-247C-44D5-8A20-09724A3482B8}.Debug|ARM.ActiveCfg = Debug|Any CPU
		{B46364F6-247C-44D5-8A20-09724A3482B8}.Debug|ARM.Build.0 = Debug|Any CPU
		{B46364F6-247C-44D5-8A20-09724A3482B8}.Debug|x64.ActiveCfg = Debug|Any CPU
		{B46364F6-247C-44D5-8A20-09724A3482B8}.Debug|x64.Build.0 = Debug|Any CPU
		{B46364F6-247C-44D5-8A20-09724A3482B8}.Debug|x86.ActiveCfg = Debug|Any CPU
		{B46364F6-247C-44D5-8A20-09724A3482B8}.Debug|x86.Build.0 = Debug|Any CPU
		{B46364F6-247C-44D5-8A20-09724A3482B8}.Release|Any CPU.ActiveCfg = Release|Any CPU
		{B46364F6-247C-44D5-8A20-09724A3482B8}.Release|Any CPU.Build.0 = Release|Any CPU
		{B46364F6-247C-44D5-8A20-09724A3482B8}.Release|ARM.ActiveCfg = Release|Any CPU
		{B46364F6-247C-44D5-8A20-09724A3482B8}.Release|ARM.Build.0 = Release|Any CPU
		{B46364F6-247C-44D5-8A20-09724A3482B8}.Release|x64.ActiveCfg = Release|Any CPU
		{B46364F6-247C-44D5-8A20-09724A3482B8}.Release|x64.Build.0 = Release|Any CPU
		{B46364F6-247C-44D5-8A20-09724A3482B8}.Release|x86.ActiveCfg = Release|Any CPU
		{B46364F6-247C-44D5-8A20-09724A3482B8}.Release|x86.Build.0 = Release|Any CPU
		{A949BF74-EDEE-4BA3-B853-9AAB2B811279}.Debug|Any CPU.ActiveCfg = Debug|Any CPU
		{A949BF74-EDEE-4BA3-B853-9AAB2B811279}.Debug|Any CPU.Build.0 = Debug|Any CPU
		{A949BF74-EDEE-4BA3-B853-9AAB2B811279}.Debug|ARM.ActiveCfg = Debug|Any CPU
		{A949BF74-EDEE-4BA3-B853-9AAB2B811279}.Debug|ARM.Build.0 = Debug|Any CPU
		{A949BF74-EDEE-4BA3-B853-9AAB2B811279}.Debug|x64.ActiveCfg = Debug|Any CPU
		{A949BF74-EDEE-4BA3-B853-9AAB2B811279}.Debug|x64.Build.0 = Debug|Any CPU
		{A949BF74-EDEE-4BA3-B853-9AAB2B811279}.Debug|x86.ActiveCfg = Debug|Any CPU
		{A949BF74-EDEE-4BA3-B853-9AAB2B811279}.Debug|x86.Build.0 = Debug|Any CPU
		{A949BF74-EDEE-4BA3-B853-9AAB2B811279}.Release|Any CPU.ActiveCfg = Release|Any CPU
		{A949BF74-EDEE-4BA3-B853-9AAB2B811279}.Release|Any CPU.Build.0 = Release|Any CPU
		{A949BF74-EDEE-4BA3-B853-9AAB2B811279}.Release|ARM.ActiveCfg = Release|Any CPU
		{A949BF74-EDEE-4BA3-B853-9AAB2B811279}.Release|ARM.Build.0 = Release|Any CPU
		{A949BF74-EDEE-4BA3-B853-9AAB2B811279}.Release|x64.ActiveCfg = Release|Any CPU
		{A949BF74-EDEE-4BA3-B853-9AAB2B811279}.Release|x64.Build.0 = Release|Any CPU
		{A949BF74-EDEE-4BA3-B853-9AAB2B811279}.Release|x86.ActiveCfg = Release|Any CPU
		{A949BF74-EDEE-4BA3-B853-9AAB2B811279}.Release|x86.Build.0 = Release|Any CPU
	EndGlobalSection
	GlobalSection(SolutionProperties) = preSolution
		HideSolutionNode = FALSE
	EndGlobalSection
	GlobalSection(NestedProjects) = preSolution
		{0BB4A729-AC1E-4973-A915-F857FD75740D} = {496D2D18-34C4-4621-AECC-5FE6AE212DC6}
		{F75A9C93-ED94-4C69-82E4-BC069F4E9FEF} = {C8DC6BDF-3CA5-41CA-AFE8-99217BCADE39}
		{FDE2BDA6-E7B8-4EFD-8B64-57787F9F9524} = {52C2CA17-5CF8-4DF1-AEA4-66EC7363105D}
		{6F0CC519-5524-4D4D-B03D-0565B42ADB0F} = {52C2CA17-5CF8-4DF1-AEA4-66EC7363105D}
		{B1FE45BF-FE59-4BFE-B2B3-1C30AD07ACA2} = {52C2CA17-5CF8-4DF1-AEA4-66EC7363105D}
		{20FE28FA-6FEF-4FC7-9457-794A4D9459DB} = {BB7B985B-3943-4632-A0C2-3CF723CAB119}
		{4B3045EC-EFD0-4F7A-8D52-8949196DADD2} = {BB7B985B-3943-4632-A0C2-3CF723CAB119}
		{69FBEC4A-D91D-4B5C-8CF8-AB77020E7461} = {52C2CA17-5CF8-4DF1-AEA4-66EC7363105D}
		{D940A038-DA2C-4899-8E9D-E78B8DC5ED9E} = {C80C3BCB-AE84-44C0-949B-D64DD5532A99}
		{0433D1D1-D391-41F0-959F-6AFF76299D31} = {52C2CA17-5CF8-4DF1-AEA4-66EC7363105D}
		{1D2F9188-66AC-47CC-A9DC-0BD3586A4309} = {C80C3BCB-AE84-44C0-949B-D64DD5532A99}
		{62326CFA-48F8-4B69-9ECF-69456C627FE6} = {C80C3BCB-AE84-44C0-949B-D64DD5532A99}
		{B7498437-86ED-45D9-BFD3-355717F226F4} = {C80C3BCB-AE84-44C0-949B-D64DD5532A99}
		{B30F585B-37CC-4117-9480-A533B3AB40BF} = {52C2CA17-5CF8-4DF1-AEA4-66EC7363105D}
		{92051E1E-BCD9-4C68-B62C-1962697F1B38} = {496D2D18-34C4-4621-AECC-5FE6AE212DC6}
		{52C2CA17-5CF8-4DF1-AEA4-66EC7363105D} = {496D2D18-34C4-4621-AECC-5FE6AE212DC6}
		{C0C988AF-899F-46B2-950E-DE4053F8B5D5} = {52C2CA17-5CF8-4DF1-AEA4-66EC7363105D}
		{FD040F09-40C6-4157-888C-7A0246FE022D} = {52C2CA17-5CF8-4DF1-AEA4-66EC7363105D}
		{C8DC6BDF-3CA5-41CA-AFE8-99217BCADE39} = {496D2D18-34C4-4621-AECC-5FE6AE212DC6}
		{8D74A4EA-7FAF-4ACC-B0BC-5B399E234B85} = {92051E1E-BCD9-4C68-B62C-1962697F1B38}
		{5482C275-4DDB-4136-AA5D-C804A01152BA} = {C8DC6BDF-3CA5-41CA-AFE8-99217BCADE39}
		{6AF8CE5C-F3E4-4652-A9A7-4DF9EAC6A061} = {C8DC6BDF-3CA5-41CA-AFE8-99217BCADE39}
		{224F2B9E-A3A2-430D-849F-58BEC6A433B8} = {C8DC6BDF-3CA5-41CA-AFE8-99217BCADE39}
		{9D2FABF3-CDBB-442A-83F8-E00BFDCE164A} = {C8DC6BDF-3CA5-41CA-AFE8-99217BCADE39}
		{615EBFBF-F524-4FB4-92E9-C6886DF03B8B} = {BB7B985B-3943-4632-A0C2-3CF723CAB119}
		{E6CEED5E-BA12-4CC0-A0D3-84746F3CACE9} = {BB7B985B-3943-4632-A0C2-3CF723CAB119}
		{B0B740E4-0D62-4515-B55F-42B0C6C0DE4C} = {2CC69505-5683-44EA-8650-64046D2A967E}
		{B46364F6-247C-44D5-8A20-09724A3482B8} = {C80C3BCB-AE84-44C0-949B-D64DD5532A99}
		{A949BF74-EDEE-4BA3-B853-9AAB2B811279} = {2CC69505-5683-44EA-8650-64046D2A967E}
	EndGlobalSection
EndGlobal
